// !$*UTF8*$!
{
	archiveVersion = 1;
	classes = {
	};
	objectVersion = 48;
	objects = {

/* Begin PBXBuildFile section */
		664B42B4219E6E3B009F1E08 /* AppDelegate.m in Sources */ = {isa = PBXBuildFile; fileRef = 664B42B3219E6E3B009F1E08 /* AppDelegate.m */; };
		664B42BA219E6E3B009F1E08 /* Main.storyboard in Resources */ = {isa = PBXBuildFile; fileRef = 664B42B8219E6E3B009F1E08 /* Main.storyboard */; };
		664B42BC219E6E3C009F1E08 /* Assets.xcassets in Resources */ = {isa = PBXBuildFile; fileRef = 664B42BB219E6E3C009F1E08 /* Assets.xcassets */; };
		664B42BF219E6E3C009F1E08 /* LaunchScreen.storyboard in Resources */ = {isa = PBXBuildFile; fileRef = 664B42BD219E6E3C009F1E08 /* LaunchScreen.storyboard */; };
		664B42C2219E6E3C009F1E08 /* main.m in Sources */ = {isa = PBXBuildFile; fileRef = 664B42C1219E6E3C009F1E08 /* main.m */; };
		664B42CC219E6E3C009F1E08 /* LittleTmallTests.m in Sources */ = {isa = PBXBuildFile; fileRef = 664B42CB219E6E3C009F1E08 /* LittleTmallTests.m */; };
		664B42D7219E6E3C009F1E08 /* LittleTmallUITests.m in Sources */ = {isa = PBXBuildFile; fileRef = 664B42D6219E6E3C009F1E08 /* LittleTmallUITests.m */; };
		664B42E7219E8AA3009F1E08 /* QLBaseTabBarController.m in Sources */ = {isa = PBXBuildFile; fileRef = 664B42E6219E8AA3009F1E08 /* QLBaseTabBarController.m */; };
		664B42EB219E8BF5009F1E08 /* QLBaseNavigationController.m in Sources */ = {isa = PBXBuildFile; fileRef = 664B42EA219E8BF5009F1E08 /* QLBaseNavigationController.m */; };
		664B42F7219E90CA009F1E08 /* QLMainViewController.m in Sources */ = {isa = PBXBuildFile; fileRef = 664B42F6219E90CA009F1E08 /* QLMainViewController.m */; };
		664B42FA219E90DC009F1E08 /* QLCategoryViewController.m in Sources */ = {isa = PBXBuildFile; fileRef = 664B42F9219E90DC009F1E08 /* QLCategoryViewController.m */; };
		664B42FD219E918C009F1E08 /* QLBaseViewController.m in Sources */ = {isa = PBXBuildFile; fileRef = 664B42FC219E918C009F1E08 /* QLBaseViewController.m */; };
		664B4305219EB5FD009F1E08 /* BaseNetService.m in Sources */ = {isa = PBXBuildFile; fileRef = 664B4304219EB5FD009F1E08 /* BaseNetService.m */; };
		66842C0721A29CAC00590CCB /* QLCarBottomBar.m in Sources */ = {isa = PBXBuildFile; fileRef = 66842C0621A29CAC00590CCB /* QLCarBottomBar.m */; };
		66842C0A21A2C68F00590CCB /* QLCarBuyCell.m in Sources */ = {isa = PBXBuildFile; fileRef = 66842C0921A2C68F00590CCB /* QLCarBuyCell.m */; };
		8730BED921A05A9500199CC8 /* QLMineBottomCell.m in Sources */ = {isa = PBXBuildFile; fileRef = 8730BED821A05A9500199CC8 /* QLMineBottomCell.m */; };
		8730BEDC21A0696100199CC8 /* UITableView+EmptyDataView.m in Sources */ = {isa = PBXBuildFile; fileRef = 8730BEDB21A0696100199CC8 /* UITableView+EmptyDataView.m */; };
		87D74FF0219F194200D797FE /* UIView+category.m in Sources */ = {isa = PBXBuildFile; fileRef = 87D74FEF219F194200D797FE /* UIView+category.m */; };
		87D74FF5219F19C200D797FE /* QLBuyCarViewController.m in Sources */ = {isa = PBXBuildFile; fileRef = 87D74FF4219F19C200D797FE /* QLBuyCarViewController.m */; };
		87D74FF8219F19CF00D797FE /* QLMineViewController.m in Sources */ = {isa = PBXBuildFile; fileRef = 87D74FF7219F19CF00D797FE /* QLMineViewController.m */; };
		87D74FFB219FF38A00D797FE /* QLMineTopView.m in Sources */ = {isa = PBXBuildFile; fileRef = 87D74FFA219FF38A00D797FE /* QLMineTopView.m */; };
		87D74FFF21A03E7000D797FE /* QLMineBottomView.m in Sources */ = {isa = PBXBuildFile; fileRef = 87D74FFE21A03E7000D797FE /* QLMineBottomView.m */; };
		DE14E1DF64B4EF314B090F42 /* libPods-LittleTmall.a in Frameworks */ = {isa = PBXBuildFile; fileRef = 544E3723C93DCA6DA3558ACD /* libPods-LittleTmall.a */; };
/* End PBXBuildFile section */

/* Begin PBXContainerItemProxy section */
		664B42C8219E6E3C009F1E08 /* PBXContainerItemProxy */ = {
			isa = PBXContainerItemProxy;
			containerPortal = 664B42A7219E6E3B009F1E08 /* Project object */;
			proxyType = 1;
			remoteGlobalIDString = 664B42AE219E6E3B009F1E08;
			remoteInfo = LittleTmall;
		};
		664B42D3219E6E3C009F1E08 /* PBXContainerItemProxy */ = {
			isa = PBXContainerItemProxy;
			containerPortal = 664B42A7219E6E3B009F1E08 /* Project object */;
			proxyType = 1;
			remoteGlobalIDString = 664B42AE219E6E3B009F1E08;
			remoteInfo = LittleTmall;
		};
/* End PBXContainerItemProxy section */

/* Begin PBXFileReference section */
		544E3723C93DCA6DA3558ACD /* libPods-LittleTmall.a */ = {isa = PBXFileReference; explicitFileType = archive.ar; includeInIndex = 0; path = "libPods-LittleTmall.a"; sourceTree = BUILT_PRODUCTS_DIR; };
		664B42AF219E6E3B009F1E08 /* LittleTmall.app */ = {isa = PBXFileReference; explicitFileType = wrapper.application; includeInIndex = 0; path = LittleTmall.app; sourceTree = BUILT_PRODUCTS_DIR; };
		664B42B2219E6E3B009F1E08 /* AppDelegate.h */ = {isa = PBXFileReference; lastKnownFileType = sourcecode.c.h; path = AppDelegate.h; sourceTree = "<group>"; };
		664B42B3219E6E3B009F1E08 /* AppDelegate.m */ = {isa = PBXFileReference; lastKnownFileType = sourcecode.c.objc; path = AppDelegate.m; sourceTree = "<group>"; };
		664B42B9219E6E3B009F1E08 /* Base */ = {isa = PBXFileReference; lastKnownFileType = file.storyboard; name = Base; path = Base.lproj/Main.storyboard; sourceTree = "<group>"; };
		664B42BB219E6E3C009F1E08 /* Assets.xcassets */ = {isa = PBXFileReference; lastKnownFileType = folder.assetcatalog; path = Assets.xcassets; sourceTree = "<group>"; };
		664B42BE219E6E3C009F1E08 /* Base */ = {isa = PBXFileReference; lastKnownFileType = file.storyboard; name = Base; path = Base.lproj/LaunchScreen.storyboard; sourceTree = "<group>"; };
		664B42C0219E6E3C009F1E08 /* Info.plist */ = {isa = PBXFileReference; lastKnownFileType = text.plist.xml; path = Info.plist; sourceTree = "<group>"; };
		664B42C1219E6E3C009F1E08 /* main.m */ = {isa = PBXFileReference; lastKnownFileType = sourcecode.c.objc; path = main.m; sourceTree = "<group>"; };
		664B42C7219E6E3C009F1E08 /* LittleTmallTests.xctest */ = {isa = PBXFileReference; explicitFileType = wrapper.cfbundle; includeInIndex = 0; path = LittleTmallTests.xctest; sourceTree = BUILT_PRODUCTS_DIR; };
		664B42CB219E6E3C009F1E08 /* LittleTmallTests.m */ = {isa = PBXFileReference; lastKnownFileType = sourcecode.c.objc; path = LittleTmallTests.m; sourceTree = "<group>"; };
		664B42CD219E6E3C009F1E08 /* Info.plist */ = {isa = PBXFileReference; lastKnownFileType = text.plist.xml; path = Info.plist; sourceTree = "<group>"; };
		664B42D2219E6E3C009F1E08 /* LittleTmallUITests.xctest */ = {isa = PBXFileReference; explicitFileType = wrapper.cfbundle; includeInIndex = 0; path = LittleTmallUITests.xctest; sourceTree = BUILT_PRODUCTS_DIR; };
		664B42D6219E6E3C009F1E08 /* LittleTmallUITests.m */ = {isa = PBXFileReference; lastKnownFileType = sourcecode.c.objc; path = LittleTmallUITests.m; sourceTree = "<group>"; };
		664B42D8219E6E3C009F1E08 /* Info.plist */ = {isa = PBXFileReference; lastKnownFileType = text.plist.xml; path = Info.plist; sourceTree = "<group>"; };
		664B42E5219E8AA3009F1E08 /* QLBaseTabBarController.h */ = {isa = PBXFileReference; lastKnownFileType = sourcecode.c.h; path = QLBaseTabBarController.h; sourceTree = "<group>"; };
		664B42E6219E8AA3009F1E08 /* QLBaseTabBarController.m */ = {isa = PBXFileReference; lastKnownFileType = sourcecode.c.objc; path = QLBaseTabBarController.m; sourceTree = "<group>"; };
		664B42E9219E8BF5009F1E08 /* QLBaseNavigationController.h */ = {isa = PBXFileReference; lastKnownFileType = sourcecode.c.h; path = QLBaseNavigationController.h; sourceTree = "<group>"; };
		664B42EA219E8BF5009F1E08 /* QLBaseNavigationController.m */ = {isa = PBXFileReference; lastKnownFileType = sourcecode.c.objc; path = QLBaseNavigationController.m; sourceTree = "<group>"; };
		664B42F5219E90CA009F1E08 /* QLMainViewController.h */ = {isa = PBXFileReference; lastKnownFileType = sourcecode.c.h; path = QLMainViewController.h; sourceTree = "<group>"; };
		664B42F6219E90CA009F1E08 /* QLMainViewController.m */ = {isa = PBXFileReference; lastKnownFileType = sourcecode.c.objc; path = QLMainViewController.m; sourceTree = "<group>"; };
		664B42F8219E90DC009F1E08 /* QLCategoryViewController.h */ = {isa = PBXFileReference; lastKnownFileType = sourcecode.c.h; path = QLCategoryViewController.h; sourceTree = "<group>"; };
		664B42F9219E90DC009F1E08 /* QLCategoryViewController.m */ = {isa = PBXFileReference; lastKnownFileType = sourcecode.c.objc; path = QLCategoryViewController.m; sourceTree = "<group>"; };
		664B42FB219E918C009F1E08 /* QLBaseViewController.h */ = {isa = PBXFileReference; lastKnownFileType = sourcecode.c.h; path = QLBaseViewController.h; sourceTree = "<group>"; };
		664B42FC219E918C009F1E08 /* QLBaseViewController.m */ = {isa = PBXFileReference; lastKnownFileType = sourcecode.c.objc; path = QLBaseViewController.m; sourceTree = "<group>"; };
		664B42FF219E9932009F1E08 /* Macro.h */ = {isa = PBXFileReference; lastKnownFileType = sourcecode.c.h; path = Macro.h; sourceTree = "<group>"; };
		664B4300219E9BE9009F1E08 /* PrefixHeader.pch */ = {isa = PBXFileReference; lastKnownFileType = sourcecode.c.h; path = PrefixHeader.pch; sourceTree = "<group>"; };
		664B4303219EB5FD009F1E08 /* BaseNetService.h */ = {isa = PBXFileReference; lastKnownFileType = sourcecode.c.h; path = BaseNetService.h; sourceTree = "<group>"; };
		664B4304219EB5FD009F1E08 /* BaseNetService.m */ = {isa = PBXFileReference; lastKnownFileType = sourcecode.c.objc; path = BaseNetService.m; sourceTree = "<group>"; };
		66842C0521A29CAC00590CCB /* QLCarBottomBar.h */ = {isa = PBXFileReference; lastKnownFileType = sourcecode.c.h; path = QLCarBottomBar.h; sourceTree = "<group>"; };
		66842C0621A29CAC00590CCB /* QLCarBottomBar.m */ = {isa = PBXFileReference; lastKnownFileType = sourcecode.c.objc; path = QLCarBottomBar.m; sourceTree = "<group>"; };
		66842C0821A2C68F00590CCB /* QLCarBuyCell.h */ = {isa = PBXFileReference; lastKnownFileType = sourcecode.c.h; path = QLCarBuyCell.h; sourceTree = "<group>"; };
		66842C0921A2C68F00590CCB /* QLCarBuyCell.m */ = {isa = PBXFileReference; lastKnownFileType = sourcecode.c.objc; path = QLCarBuyCell.m; sourceTree = "<group>"; };
		8730BED721A05A9500199CC8 /* QLMineBottomCell.h */ = {isa = PBXFileReference; lastKnownFileType = sourcecode.c.h; path = QLMineBottomCell.h; sourceTree = "<group>"; };
		8730BED821A05A9500199CC8 /* QLMineBottomCell.m */ = {isa = PBXFileReference; lastKnownFileType = sourcecode.c.objc; path = QLMineBottomCell.m; sourceTree = "<group>"; };
		8730BEDA21A0696100199CC8 /* UITableView+EmptyDataView.h */ = {isa = PBXFileReference; lastKnownFileType = sourcecode.c.h; path = "UITableView+EmptyDataView.h"; sourceTree = "<group>"; };
		8730BEDB21A0696100199CC8 /* UITableView+EmptyDataView.m */ = {isa = PBXFileReference; lastKnownFileType = sourcecode.c.objc; path = "UITableView+EmptyDataView.m"; sourceTree = "<group>"; };
		87D74FEE219F194200D797FE /* UIView+category.h */ = {isa = PBXFileReference; lastKnownFileType = sourcecode.c.h; path = "UIView+category.h"; sourceTree = "<group>"; };
		87D74FEF219F194200D797FE /* UIView+category.m */ = {isa = PBXFileReference; lastKnownFileType = sourcecode.c.objc; path = "UIView+category.m"; sourceTree = "<group>"; };
		87D74FF3219F19C200D797FE /* QLBuyCarViewController.h */ = {isa = PBXFileReference; lastKnownFileType = sourcecode.c.h; path = QLBuyCarViewController.h; sourceTree = "<group>"; };
		87D74FF4219F19C200D797FE /* QLBuyCarViewController.m */ = {isa = PBXFileReference; lastKnownFileType = sourcecode.c.objc; path = QLBuyCarViewController.m; sourceTree = "<group>"; };
		87D74FF6219F19CF00D797FE /* QLMineViewController.h */ = {isa = PBXFileReference; lastKnownFileType = sourcecode.c.h; path = QLMineViewController.h; sourceTree = "<group>"; };
		87D74FF7219F19CF00D797FE /* QLMineViewController.m */ = {isa = PBXFileReference; lastKnownFileType = sourcecode.c.objc; path = QLMineViewController.m; sourceTree = "<group>"; };
		87D74FF9219FF38A00D797FE /* QLMineTopView.h */ = {isa = PBXFileReference; lastKnownFileType = sourcecode.c.h; path = QLMineTopView.h; sourceTree = "<group>"; };
		87D74FFA219FF38A00D797FE /* QLMineTopView.m */ = {isa = PBXFileReference; lastKnownFileType = sourcecode.c.objc; path = QLMineTopView.m; sourceTree = "<group>"; };
		87D74FFD21A03E7000D797FE /* QLMineBottomView.h */ = {isa = PBXFileReference; lastKnownFileType = sourcecode.c.h; path = QLMineBottomView.h; sourceTree = "<group>"; };
		87D74FFE21A03E7000D797FE /* QLMineBottomView.m */ = {isa = PBXFileReference; lastKnownFileType = sourcecode.c.objc; path = QLMineBottomView.m; sourceTree = "<group>"; };
		CF706C28EF97FF6CEFB79929 /* Pods-LittleTmall.release.xcconfig */ = {isa = PBXFileReference; includeInIndex = 1; lastKnownFileType = text.xcconfig; name = "Pods-LittleTmall.release.xcconfig"; path = "Pods/Target Support Files/Pods-LittleTmall/Pods-LittleTmall.release.xcconfig"; sourceTree = "<group>"; };
		F2F506574A56FB9BA1403BE6 /* Pods-LittleTmall.debug.xcconfig */ = {isa = PBXFileReference; includeInIndex = 1; lastKnownFileType = text.xcconfig; name = "Pods-LittleTmall.debug.xcconfig"; path = "Pods/Target Support Files/Pods-LittleTmall/Pods-LittleTmall.debug.xcconfig"; sourceTree = "<group>"; };
/* End PBXFileReference section */

/* Begin PBXFrameworksBuildPhase section */
		664B42AC219E6E3B009F1E08 /* Frameworks */ = {
			isa = PBXFrameworksBuildPhase;
			buildActionMask = 2147483647;
			files = (
				DE14E1DF64B4EF314B090F42 /* libPods-LittleTmall.a in Frameworks */,
			);
			runOnlyForDeploymentPostprocessing = 0;
		};
		664B42C4219E6E3C009F1E08 /* Frameworks */ = {
			isa = PBXFrameworksBuildPhase;
			buildActionMask = 2147483647;
			files = (
			);
			runOnlyForDeploymentPostprocessing = 0;
		};
		664B42CF219E6E3C009F1E08 /* Frameworks */ = {
			isa = PBXFrameworksBuildPhase;
			buildActionMask = 2147483647;
			files = (
			);
			runOnlyForDeploymentPostprocessing = 0;
		};
/* End PBXFrameworksBuildPhase section */

/* Begin PBXGroup section */
		664B42A6219E6E3B009F1E08 = {
			isa = PBXGroup;
			children = (
				664B42B1219E6E3B009F1E08 /* LittleTmall */,
				664B42CA219E6E3C009F1E08 /* LittleTmallTests */,
				664B42D5219E6E3C009F1E08 /* LittleTmallUITests */,
				664B42B0219E6E3B009F1E08 /* Products */,
				9B760CB29D810B1308D52601 /* Pods */,
				F8E873428DD577189F8E4BAE /* Frameworks */,
			);
			sourceTree = "<group>";
		};
		664B42B0219E6E3B009F1E08 /* Products */ = {
			isa = PBXGroup;
			children = (
				664B42AF219E6E3B009F1E08 /* LittleTmall.app */,
				664B42C7219E6E3C009F1E08 /* LittleTmallTests.xctest */,
				664B42D2219E6E3C009F1E08 /* LittleTmallUITests.xctest */,
			);
			name = Products;
			sourceTree = "<group>";
		};
		664B42B1219E6E3B009F1E08 /* LittleTmall */ = {
			isa = PBXGroup;
			children = (
				664B42F0219E8F9A009F1E08 /* Base */,
				664B42FE219E9912009F1E08 /* OtherFiles */,
				664B42EC219E8EB1009F1E08 /* Main */,
				664B42EF219E8EED009F1E08 /* Categories */,
				87D74FF1219F195300D797FE /* BuyCar */,
				87D74FF2219F195A00D797FE /* Mine */,
				664B42B2219E6E3B009F1E08 /* AppDelegate.h */,
				664B42B3219E6E3B009F1E08 /* AppDelegate.m */,
				664B42B8219E6E3B009F1E08 /* Main.storyboard */,
				664B42BB219E6E3C009F1E08 /* Assets.xcassets */,
				664B42BD219E6E3C009F1E08 /* LaunchScreen.storyboard */,
				664B42C0219E6E3C009F1E08 /* Info.plist */,
				664B42C1219E6E3C009F1E08 /* main.m */,
			);
			path = LittleTmall;
			sourceTree = "<group>";
		};
		664B42CA219E6E3C009F1E08 /* LittleTmallTests */ = {
			isa = PBXGroup;
			children = (
				664B42CB219E6E3C009F1E08 /* LittleTmallTests.m */,
				664B42CD219E6E3C009F1E08 /* Info.plist */,
			);
			path = LittleTmallTests;
			sourceTree = "<group>";
		};
		664B42D5219E6E3C009F1E08 /* LittleTmallUITests */ = {
			isa = PBXGroup;
			children = (
				664B42D6219E6E3C009F1E08 /* LittleTmallUITests.m */,
				664B42D8219E6E3C009F1E08 /* Info.plist */,
			);
			path = LittleTmallUITests;
			sourceTree = "<group>";
		};
		664B42EC219E8EB1009F1E08 /* Main */ = {
			isa = PBXGroup;
			children = (
				664B42F5219E90CA009F1E08 /* QLMainViewController.h */,
				664B42F6219E90CA009F1E08 /* QLMainViewController.m */,
			);
			path = Main;
			sourceTree = "<group>";
		};
		664B42EF219E8EED009F1E08 /* Categories */ = {
			isa = PBXGroup;
			children = (
				664B42F8219E90DC009F1E08 /* QLCategoryViewController.h */,
				664B42F9219E90DC009F1E08 /* QLCategoryViewController.m */,
			);
			path = Categories;
			sourceTree = "<group>";
		};
		664B42F0219E8F9A009F1E08 /* Base */ = {
			isa = PBXGroup;
			children = (
				87D74FED219F192800D797FE /* Category */,
				664B4301219EB5A0009F1E08 /* BaseNet */,
				664B42F1219E8FB1009F1E08 /* BaseController */,
			);
			path = Base;
			sourceTree = "<group>";
		};
		664B42F1219E8FB1009F1E08 /* BaseController */ = {
			isa = PBXGroup;
			children = (
				664B42E9219E8BF5009F1E08 /* QLBaseNavigationController.h */,
				664B42EA219E8BF5009F1E08 /* QLBaseNavigationController.m */,
				664B42E5219E8AA3009F1E08 /* QLBaseTabBarController.h */,
				664B42E6219E8AA3009F1E08 /* QLBaseTabBarController.m */,
				664B42FB219E918C009F1E08 /* QLBaseViewController.h */,
				664B42FC219E918C009F1E08 /* QLBaseViewController.m */,
			);
			path = BaseController;
			sourceTree = "<group>";
		};
		664B42FE219E9912009F1E08 /* OtherFiles */ = {
			isa = PBXGroup;
			children = (
				664B4307219EDC2E009F1E08 /* Libs */,
				664B4300219E9BE9009F1E08 /* PrefixHeader.pch */,
				664B42FF219E9932009F1E08 /* Macro.h */,
			);
			path = OtherFiles;
			sourceTree = "<group>";
		};
		664B4301219EB5A0009F1E08 /* BaseNet */ = {
			isa = PBXGroup;
			children = (
				664B4303219EB5FD009F1E08 /* BaseNetService.h */,
				664B4304219EB5FD009F1E08 /* BaseNetService.m */,
			);
			path = BaseNet;
			sourceTree = "<group>";
		};
		664B4307219EDC2E009F1E08 /* Libs */ = {
			isa = PBXGroup;
			children = (
			);
			path = Libs;
			sourceTree = "<group>";
		};
		66842C0121A29C3C00590CCB /* View */ = {
			isa = PBXGroup;
			children = (
				66842C0521A29CAC00590CCB /* QLCarBottomBar.h */,
				66842C0621A29CAC00590CCB /* QLCarBottomBar.m */,
				66842C0821A2C68F00590CCB /* QLCarBuyCell.h */,
				66842C0921A2C68F00590CCB /* QLCarBuyCell.m */,
			);
			path = View;
			sourceTree = "<group>";
		};
		87D74FED219F192800D797FE /* Category */ = {
			isa = PBXGroup;
			children = (
				87D74FEE219F194200D797FE /* UIView+category.h */,
				87D74FEF219F194200D797FE /* UIView+category.m */,
				8730BEDA21A0696100199CC8 /* UITableView+EmptyDataView.h */,
				8730BEDB21A0696100199CC8 /* UITableView+EmptyDataView.m */,
			);
			path = Category;
			sourceTree = "<group>";
		};
		87D74FF1219F195300D797FE /* BuyCar */ = {
			isa = PBXGroup;
			children = (
				66842C0121A29C3C00590CCB /* View */,
				87D74FF3219F19C200D797FE /* QLBuyCarViewController.h */,
				87D74FF4219F19C200D797FE /* QLBuyCarViewController.m */,
			);
			path = BuyCar;
			sourceTree = "<group>";
		};
		87D74FF2219F195A00D797FE /* Mine */ = {
			isa = PBXGroup;
			children = (
				87D74FFC219FF39100D797FE /* View */,
				87D74FF6219F19CF00D797FE /* QLMineViewController.h */,
				87D74FF7219F19CF00D797FE /* QLMineViewController.m */,
			);
			name = Mine;
			path = Mine/Mine;
			sourceTree = "<group>";
		};
		87D74FFC219FF39100D797FE /* View */ = {
			isa = PBXGroup;
			children = (
				87D74FF9219FF38A00D797FE /* QLMineTopView.h */,
				87D74FFA219FF38A00D797FE /* QLMineTopView.m */,
				87D74FFD21A03E7000D797FE /* QLMineBottomView.h */,
				87D74FFE21A03E7000D797FE /* QLMineBottomView.m */,
				8730BED721A05A9500199CC8 /* QLMineBottomCell.h */,
				8730BED821A05A9500199CC8 /* QLMineBottomCell.m */,
			);
			path = View;
			sourceTree = "<group>";
		};
		9B760CB29D810B1308D52601 /* Pods */ = {
			isa = PBXGroup;
			children = (
				F2F506574A56FB9BA1403BE6 /* Pods-LittleTmall.debug.xcconfig */,
				CF706C28EF97FF6CEFB79929 /* Pods-LittleTmall.release.xcconfig */,
			);
			name = Pods;
			sourceTree = "<group>";
		};
		F8E873428DD577189F8E4BAE /* Frameworks */ = {
			isa = PBXGroup;
			children = (
				544E3723C93DCA6DA3558ACD /* libPods-LittleTmall.a */,
			);
			name = Frameworks;
			sourceTree = "<group>";
		};
/* End PBXGroup section */

/* Begin PBXNativeTarget section */
		664B42AE219E6E3B009F1E08 /* LittleTmall */ = {
			isa = PBXNativeTarget;
			buildConfigurationList = 664B42DB219E6E3C009F1E08 /* Build configuration list for PBXNativeTarget "LittleTmall" */;
			buildPhases = (
				6B9B9AC4C7E37C25B8554BBC /* [CP] Check Pods Manifest.lock */,
				664B42AB219E6E3B009F1E08 /* Sources */,
				664B42AC219E6E3B009F1E08 /* Frameworks */,
				664B42AD219E6E3B009F1E08 /* Resources */,
				A8127276D157551252F9AA03 /* [CP] Embed Pods Frameworks */,
				AC2D73943E25B35296079447 /* [CP] Copy Pods Resources */,
			);
			buildRules = (
			);
			dependencies = (
			);
			name = LittleTmall;
			productName = LittleTmall;
			productReference = 664B42AF219E6E3B009F1E08 /* LittleTmall.app */;
			productType = "com.apple.product-type.application";
		};
		664B42C6219E6E3C009F1E08 /* LittleTmallTests */ = {
			isa = PBXNativeTarget;
			buildConfigurationList = 664B42DE219E6E3C009F1E08 /* Build configuration list for PBXNativeTarget "LittleTmallTests" */;
			buildPhases = (
				664B42C3219E6E3C009F1E08 /* Sources */,
				664B42C4219E6E3C009F1E08 /* Frameworks */,
				664B42C5219E6E3C009F1E08 /* Resources */,
			);
			buildRules = (
			);
			dependencies = (
				664B42C9219E6E3C009F1E08 /* PBXTargetDependency */,
			);
			name = LittleTmallTests;
			productName = LittleTmallTests;
			productReference = 664B42C7219E6E3C009F1E08 /* LittleTmallTests.xctest */;
			productType = "com.apple.product-type.bundle.unit-test";
		};
		664B42D1219E6E3C009F1E08 /* LittleTmallUITests */ = {
			isa = PBXNativeTarget;
			buildConfigurationList = 664B42E1219E6E3C009F1E08 /* Build configuration list for PBXNativeTarget "LittleTmallUITests" */;
			buildPhases = (
				664B42CE219E6E3C009F1E08 /* Sources */,
				664B42CF219E6E3C009F1E08 /* Frameworks */,
				664B42D0219E6E3C009F1E08 /* Resources */,
			);
			buildRules = (
			);
			dependencies = (
				664B42D4219E6E3C009F1E08 /* PBXTargetDependency */,
			);
			name = LittleTmallUITests;
			productName = LittleTmallUITests;
			productReference = 664B42D2219E6E3C009F1E08 /* LittleTmallUITests.xctest */;
			productType = "com.apple.product-type.bundle.ui-testing";
		};
/* End PBXNativeTarget section */

/* Begin PBXProject section */
		664B42A7219E6E3B009F1E08 /* Project object */ = {
			isa = PBXProject;
			attributes = {
				CLASSPREFIX = QL;
				LastUpgradeCheck = 0930;
				ORGANIZATIONNAME = com.qzxq;
				TargetAttributes = {
					664B42AE219E6E3B009F1E08 = {
						CreatedOnToolsVersion = 9.3;
						ProvisioningStyle = Automatic;
					};
					664B42C6219E6E3C009F1E08 = {
						CreatedOnToolsVersion = 9.3;
						ProvisioningStyle = Automatic;
						TestTargetID = 664B42AE219E6E3B009F1E08;
					};
					664B42D1219E6E3C009F1E08 = {
						CreatedOnToolsVersion = 9.3;
						ProvisioningStyle = Automatic;
						TestTargetID = 664B42AE219E6E3B009F1E08;
					};
				};
			};
			buildConfigurationList = 664B42AA219E6E3B009F1E08 /* Build configuration list for PBXProject "LittleTmall" */;
			compatibilityVersion = "Xcode 8.0";
			developmentRegion = en;
			hasScannedForEncodings = 0;
			knownRegions = (
				en,
				Base,
			);
			mainGroup = 664B42A6219E6E3B009F1E08;
			productRefGroup = 664B42B0219E6E3B009F1E08 /* Products */;
			projectDirPath = "";
			projectRoot = "";
			targets = (
				664B42AE219E6E3B009F1E08 /* LittleTmall */,
				664B42C6219E6E3C009F1E08 /* LittleTmallTests */,
				664B42D1219E6E3C009F1E08 /* LittleTmallUITests */,
			);
		};
/* End PBXProject section */

/* Begin PBXResourcesBuildPhase section */
		664B42AD219E6E3B009F1E08 /* Resources */ = {
			isa = PBXResourcesBuildPhase;
			buildActionMask = 2147483647;
			files = (
				664B42BF219E6E3C009F1E08 /* LaunchScreen.storyboard in Resources */,
				664B42BC219E6E3C009F1E08 /* Assets.xcassets in Resources */,
				664B42BA219E6E3B009F1E08 /* Main.storyboard in Resources */,
			);
			runOnlyForDeploymentPostprocessing = 0;
		};
		664B42C5219E6E3C009F1E08 /* Resources */ = {
			isa = PBXResourcesBuildPhase;
			buildActionMask = 2147483647;
			files = (
			);
			runOnlyForDeploymentPostprocessing = 0;
		};
		664B42D0219E6E3C009F1E08 /* Resources */ = {
			isa = PBXResourcesBuildPhase;
			buildActionMask = 2147483647;
			files = (
			);
			runOnlyForDeploymentPostprocessing = 0;
		};
/* End PBXResourcesBuildPhase section */

/* Begin PBXShellScriptBuildPhase section */
		6B9B9AC4C7E37C25B8554BBC /* [CP] Check Pods Manifest.lock */ = {
			isa = PBXShellScriptBuildPhase;
			buildActionMask = 2147483647;
			files = (
			);
			inputPaths = (
			);
			name = "[CP] Check Pods Manifest.lock";
			outputPaths = (
			);
			runOnlyForDeploymentPostprocessing = 0;
			shellPath = /bin/sh;
			shellScript = "diff \"${PODS_ROOT}/../Podfile.lock\" \"${PODS_ROOT}/Manifest.lock\" > /dev/null\nif [ $? != 0 ] ; then\n    # print error to STDERR\n    echo \"error: The sandbox is not in sync with the Podfile.lock. Run 'pod install' or update your CocoaPods installation.\" >&2\n    exit 1\nfi\n";
			showEnvVarsInLog = 0;
		};
		A8127276D157551252F9AA03 /* [CP] Embed Pods Frameworks */ = {
			isa = PBXShellScriptBuildPhase;
			buildActionMask = 2147483647;
			files = (
			);
			inputPaths = (
			);
			name = "[CP] Embed Pods Frameworks";
			outputPaths = (
			);
			runOnlyForDeploymentPostprocessing = 0;
			shellPath = /bin/sh;
			shellScript = "\"${SRCROOT}/Pods/Target Support Files/Pods-LittleTmall/Pods-LittleTmall-frameworks.sh\"\n";
			showEnvVarsInLog = 0;
		};
		AC2D73943E25B35296079447 /* [CP] Copy Pods Resources */ = {
			isa = PBXShellScriptBuildPhase;
			buildActionMask = 2147483647;
			files = (
			);
			inputPaths = (
			);
			name = "[CP] Copy Pods Resources";
			outputPaths = (
			);
			runOnlyForDeploymentPostprocessing = 0;
			shellPath = /bin/sh;
			shellScript = "\"${SRCROOT}/Pods/Target Support Files/Pods-LittleTmall/Pods-LittleTmall-resources.sh\"\n";
			showEnvVarsInLog = 0;
		};
/* End PBXShellScriptBuildPhase section */

/* Begin PBXSourcesBuildPhase section */
		664B42AB219E6E3B009F1E08 /* Sources */ = {
			isa = PBXSourcesBuildPhase;
			buildActionMask = 2147483647;
			files = (
				664B42C2219E6E3C009F1E08 /* main.m in Sources */,
				664B42B4219E6E3B009F1E08 /* AppDelegate.m in Sources */,
				664B42EB219E8BF5009F1E08 /* QLBaseNavigationController.m in Sources */,
				664B42F7219E90CA009F1E08 /* QLMainViewController.m in Sources */,
				87D74FFF21A03E7000D797FE /* QLMineBottomView.m in Sources */,
				87D74FF0219F194200D797FE /* UIView+category.m in Sources */,
				8730BED921A05A9500199CC8 /* QLMineBottomCell.m in Sources */,
				8730BEDC21A0696100199CC8 /* UITableView+EmptyDataView.m in Sources */,
				66842C0721A29CAC00590CCB /* QLCarBottomBar.m in Sources */,
				66842C0A21A2C68F00590CCB /* QLCarBuyCell.m in Sources */,
				87D74FF5219F19C200D797FE /* QLBuyCarViewController.m in Sources */,
				87D74FFB219FF38A00D797FE /* QLMineTopView.m in Sources */,
				664B42FD219E918C009F1E08 /* QLBaseViewController.m in Sources */,
				664B42E7219E8AA3009F1E08 /* QLBaseTabBarController.m in Sources */,
				87D74FF8219F19CF00D797FE /* QLMineViewController.m in Sources */,
				664B4305219EB5FD009F1E08 /* BaseNetService.m in Sources */,
				664B42FA219E90DC009F1E08 /* QLCategoryViewController.m in Sources */,
			);
			runOnlyForDeploymentPostprocessing = 0;
		};
		664B42C3219E6E3C009F1E08 /* Sources */ = {
			isa = PBXSourcesBuildPhase;
			buildActionMask = 2147483647;
			files = (
				664B42CC219E6E3C009F1E08 /* LittleTmallTests.m in Sources */,
			);
			runOnlyForDeploymentPostprocessing = 0;
		};
		664B42CE219E6E3C009F1E08 /* Sources */ = {
			isa = PBXSourcesBuildPhase;
			buildActionMask = 2147483647;
			files = (
				664B42D7219E6E3C009F1E08 /* LittleTmallUITests.m in Sources */,
			);
			runOnlyForDeploymentPostprocessing = 0;
		};
/* End PBXSourcesBuildPhase section */

/* Begin PBXTargetDependency section */
		664B42C9219E6E3C009F1E08 /* PBXTargetDependency */ = {
			isa = PBXTargetDependency;
			target = 664B42AE219E6E3B009F1E08 /* LittleTmall */;
			targetProxy = 664B42C8219E6E3C009F1E08 /* PBXContainerItemProxy */;
		};
		664B42D4219E6E3C009F1E08 /* PBXTargetDependency */ = {
			isa = PBXTargetDependency;
			target = 664B42AE219E6E3B009F1E08 /* LittleTmall */;
			targetProxy = 664B42D3219E6E3C009F1E08 /* PBXContainerItemProxy */;
		};
/* End PBXTargetDependency section */

/* Begin PBXVariantGroup section */
		664B42B8219E6E3B009F1E08 /* Main.storyboard */ = {
			isa = PBXVariantGroup;
			children = (
				664B42B9219E6E3B009F1E08 /* Base */,
			);
			name = Main.storyboard;
			sourceTree = "<group>";
		};
		664B42BD219E6E3C009F1E08 /* LaunchScreen.storyboard */ = {
			isa = PBXVariantGroup;
			children = (
				664B42BE219E6E3C009F1E08 /* Base */,
			);
			name = LaunchScreen.storyboard;
			sourceTree = "<group>";
		};
/* End PBXVariantGroup section */

/* Begin XCBuildConfiguration section */
		664B42D9219E6E3C009F1E08 /* Debug */ = {
			isa = XCBuildConfiguration;
			buildSettings = {
				ALWAYS_SEARCH_USER_PATHS = NO;
				CLANG_ANALYZER_NONNULL = YES;
				CLANG_ANALYZER_NUMBER_OBJECT_CONVERSION = YES_AGGRESSIVE;
				CLANG_CXX_LANGUAGE_STANDARD = "gnu++14";
				CLANG_CXX_LIBRARY = "libc++";
				CLANG_ENABLE_MODULES = YES;
				CLANG_ENABLE_OBJC_ARC = YES;
				CLANG_ENABLE_OBJC_WEAK = YES;
				CLANG_WARN_BLOCK_CAPTURE_AUTORELEASING = YES;
				CLANG_WARN_BOOL_CONVERSION = YES;
				CLANG_WARN_COMMA = YES;
				CLANG_WARN_CONSTANT_CONVERSION = YES;
				CLANG_WARN_DEPRECATED_OBJC_IMPLEMENTATIONS = YES;
				CLANG_WARN_DIRECT_OBJC_ISA_USAGE = YES_ERROR;
				CLANG_WARN_DOCUMENTATION_COMMENTS = YES;
				CLANG_WARN_EMPTY_BODY = YES;
				CLANG_WARN_ENUM_CONVERSION = YES;
				CLANG_WARN_INFINITE_RECURSION = YES;
				CLANG_WARN_INT_CONVERSION = YES;
				CLANG_WARN_NON_LITERAL_NULL_CONVERSION = YES;
				CLANG_WARN_OBJC_IMPLICIT_RETAIN_SELF = YES;
				CLANG_WARN_OBJC_LITERAL_CONVERSION = YES;
				CLANG_WARN_OBJC_ROOT_CLASS = YES_ERROR;
				CLANG_WARN_RANGE_LOOP_ANALYSIS = YES;
				CLANG_WARN_STRICT_PROTOTYPES = YES;
				CLANG_WARN_SUSPICIOUS_MOVE = YES;
				CLANG_WARN_UNGUARDED_AVAILABILITY = YES_AGGRESSIVE;
				CLANG_WARN_UNREACHABLE_CODE = YES;
				CLANG_WARN__DUPLICATE_METHOD_MATCH = YES;
				CODE_SIGN_IDENTITY = "iPhone Developer";
				COPY_PHASE_STRIP = NO;
				DEBUG_INFORMATION_FORMAT = dwarf;
				ENABLE_STRICT_OBJC_MSGSEND = YES;
				ENABLE_TESTABILITY = YES;
				GCC_C_LANGUAGE_STANDARD = gnu11;
				GCC_DYNAMIC_NO_PIC = NO;
				GCC_NO_COMMON_BLOCKS = YES;
				GCC_OPTIMIZATION_LEVEL = 0;
				GCC_PREPROCESSOR_DEFINITIONS = (
					"DEBUG=1",
					"$(inherited)",
				);
				GCC_WARN_64_TO_32_BIT_CONVERSION = YES;
				GCC_WARN_ABOUT_RETURN_TYPE = YES_ERROR;
				GCC_WARN_UNDECLARED_SELECTOR = YES;
				GCC_WARN_UNINITIALIZED_AUTOS = YES_AGGRESSIVE;
				GCC_WARN_UNUSED_FUNCTION = YES;
				GCC_WARN_UNUSED_VARIABLE = YES;
				IPHONEOS_DEPLOYMENT_TARGET = 11.3;
				MTL_ENABLE_DEBUG_INFO = YES;
				ONLY_ACTIVE_ARCH = YES;
				SDKROOT = iphoneos;
			};
			name = Debug;
		};
		664B42DA219E6E3C009F1E08 /* Release */ = {
			isa = XCBuildConfiguration;
			buildSettings = {
				ALWAYS_SEARCH_USER_PATHS = NO;
				CLANG_ANALYZER_NONNULL = YES;
				CLANG_ANALYZER_NUMBER_OBJECT_CONVERSION = YES_AGGRESSIVE;
				CLANG_CXX_LANGUAGE_STANDARD = "gnu++14";
				CLANG_CXX_LIBRARY = "libc++";
				CLANG_ENABLE_MODULES = YES;
				CLANG_ENABLE_OBJC_ARC = YES;
				CLANG_ENABLE_OBJC_WEAK = YES;
				CLANG_WARN_BLOCK_CAPTURE_AUTORELEASING = YES;
				CLANG_WARN_BOOL_CONVERSION = YES;
				CLANG_WARN_COMMA = YES;
				CLANG_WARN_CONSTANT_CONVERSION = YES;
				CLANG_WARN_DEPRECATED_OBJC_IMPLEMENTATIONS = YES;
				CLANG_WARN_DIRECT_OBJC_ISA_USAGE = YES_ERROR;
				CLANG_WARN_DOCUMENTATION_COMMENTS = YES;
				CLANG_WARN_EMPTY_BODY = YES;
				CLANG_WARN_ENUM_CONVERSION = YES;
				CLANG_WARN_INFINITE_RECURSION = YES;
				CLANG_WARN_INT_CONVERSION = YES;
				CLANG_WARN_NON_LITERAL_NULL_CONVERSION = YES;
				CLANG_WARN_OBJC_IMPLICIT_RETAIN_SELF = YES;
				CLANG_WARN_OBJC_LITERAL_CONVERSION = YES;
				CLANG_WARN_OBJC_ROOT_CLASS = YES_ERROR;
				CLANG_WARN_RANGE_LOOP_ANALYSIS = YES;
				CLANG_WARN_STRICT_PROTOTYPES = YES;
				CLANG_WARN_SUSPICIOUS_MOVE = YES;
				CLANG_WARN_UNGUARDED_AVAILABILITY = YES_AGGRESSIVE;
				CLANG_WARN_UNREACHABLE_CODE = YES;
				CLANG_WARN__DUPLICATE_METHOD_MATCH = YES;
				CODE_SIGN_IDENTITY = "iPhone Developer";
				COPY_PHASE_STRIP = NO;
				DEBUG_INFORMATION_FORMAT = "dwarf-with-dsym";
				ENABLE_NS_ASSERTIONS = NO;
				ENABLE_STRICT_OBJC_MSGSEND = YES;
				GCC_C_LANGUAGE_STANDARD = gnu11;
				GCC_NO_COMMON_BLOCKS = YES;
				GCC_WARN_64_TO_32_BIT_CONVERSION = YES;
				GCC_WARN_ABOUT_RETURN_TYPE = YES_ERROR;
				GCC_WARN_UNDECLARED_SELECTOR = YES;
				GCC_WARN_UNINITIALIZED_AUTOS = YES_AGGRESSIVE;
				GCC_WARN_UNUSED_FUNCTION = YES;
				GCC_WARN_UNUSED_VARIABLE = YES;
				IPHONEOS_DEPLOYMENT_TARGET = 11.3;
				MTL_ENABLE_DEBUG_INFO = NO;
				SDKROOT = iphoneos;
				VALIDATE_PRODUCT = YES;
			};
			name = Release;
		};
		664B42DC219E6E3C009F1E08 /* Debug */ = {
			isa = XCBuildConfiguration;
			baseConfigurationReference = F2F506574A56FB9BA1403BE6 /* Pods-LittleTmall.debug.xcconfig */;
			buildSettings = {
				ASSETCATALOG_COMPILER_APPICON_NAME = AppIcon;
				CODE_SIGN_IDENTITY = "iPhone Developer";
				CODE_SIGN_STYLE = Automatic;
				DEVELOPMENT_TEAM = HZUGWSR2YW;
				GCC_PREFIX_HEADER = "$(SRCROOT)/LittleTmall/OtherFiles/PrefixHeader.pch";
				INFOPLIST_FILE = LittleTmall/Info.plist;
				IPHONEOS_DEPLOYMENT_TARGET = 9.0;
				LD_RUNPATH_SEARCH_PATHS = "$(inherited) @executable_path/Frameworks";
				PRODUCT_BUNDLE_IDENTIFIER = suqinglin.com;
				PRODUCT_NAME = "$(TARGET_NAME)";
				PROVISIONING_PROFILE = "";
				PROVISIONING_PROFILE_SPECIFIER = "";
				TARGETED_DEVICE_FAMILY = "1,2";
			};
			name = Debug;
		};
		664B42DD219E6E3C009F1E08 /* Release */ = {
			isa = XCBuildConfiguration;
			baseConfigurationReference = CF706C28EF97FF6CEFB79929 /* Pods-LittleTmall.release.xcconfig */;
			buildSettings = {
				ASSETCATALOG_COMPILER_APPICON_NAME = AppIcon;
				CODE_SIGN_IDENTITY = "iPhone Developer";
				CODE_SIGN_STYLE = Automatic;
				DEVELOPMENT_TEAM = HZUGWSR2YW;
				GCC_PREFIX_HEADER = "$(SRCROOT)/LittleTmall/OtherFiles/PrefixHeader.pch";
				INFOPLIST_FILE = LittleTmall/Info.plist;
				IPHONEOS_DEPLOYMENT_TARGET = 9.0;
				LD_RUNPATH_SEARCH_PATHS = "$(inherited) @executable_path/Frameworks";
				PRODUCT_BUNDLE_IDENTIFIER = suqinglin.com;
				PRODUCT_NAME = "$(TARGET_NAME)";
				PROVISIONING_PROFILE = "";
				PROVISIONING_PROFILE_SPECIFIER = "";
				TARGETED_DEVICE_FAMILY = "1,2";
			};
			name = Release;
		};
		664B42DF219E6E3C009F1E08 /* Debug */ = {
			isa = XCBuildConfiguration;
			buildSettings = {
				BUNDLE_LOADER = "$(TEST_HOST)";
				CODE_SIGN_STYLE = Automatic;
				INFOPLIST_FILE = LittleTmallTests/Info.plist;
				LD_RUNPATH_SEARCH_PATHS = "$(inherited) @executable_path/Frameworks @loader_path/Frameworks";
				PRODUCT_BUNDLE_IDENTIFIER = com.qzxq.LittleTmallTests;
				PRODUCT_NAME = "$(TARGET_NAME)";
				TARGETED_DEVICE_FAMILY = "1,2";
				TEST_HOST = "$(BUILT_PRODUCTS_DIR)/LittleTmall.app/LittleTmall";
			};
			name = Debug;
		};
		664B42E0219E6E3C009F1E08 /* Release */ = {
			isa = XCBuildConfiguration;
			buildSettings = {
				BUNDLE_LOADER = "$(TEST_HOST)";
				CODE_SIGN_STYLE = Automatic;
				INFOPLIST_FILE = LittleTmallTests/Info.plist;
				LD_RUNPATH_SEARCH_PATHS = "$(inherited) @executable_path/Frameworks @loader_path/Frameworks";
				PRODUCT_BUNDLE_IDENTIFIER = com.qzxq.LittleTmallTests;
				PRODUCT_NAME = "$(TARGET_NAME)";
				TARGETED_DEVICE_FAMILY = "1,2";
				TEST_HOST = "$(BUILT_PRODUCTS_DIR)/LittleTmall.app/LittleTmall";
			};
			name = Release;
		};
		664B42E2219E6E3C009F1E08 /* Debug */ = {
			isa = XCBuildConfiguration;
			buildSettings = {
				CODE_SIGN_STYLE = Automatic;
				INFOPLIST_FILE = LittleTmallUITests/Info.plist;
				LD_RUNPATH_SEARCH_PATHS = "$(inherited) @executable_path/Frameworks @loader_path/Frameworks";
				PRODUCT_BUNDLE_IDENTIFIER = com.qzxq.LittleTmallUITests;
				PRODUCT_NAME = "$(TARGET_NAME)";
				TARGETED_DEVICE_FAMILY = "1,2";
				TEST_TARGET_NAME = LittleTmall;
			};
			name = Debug;
		};
		664B42E3219E6E3C009F1E08 /* Release */ = {
			isa = XCBuildConfiguration;
			buildSettings = {
				CODE_SIGN_STYLE = Automatic;
				INFOPLIST_FILE = LittleTmallUITests/Info.plist;
				LD_RUNPATH_SEARCH_PATHS = "$(inherited) @executable_path/Frameworks @loader_path/Frameworks";
				PRODUCT_BUNDLE_IDENTIFIER = com.qzxq.LittleTmallUITests;
				PRODUCT_NAME = "$(TARGET_NAME)";
				TARGETED_DEVICE_FAMILY = "1,2";
				TEST_TARGET_NAME = LittleTmall;
			};
			name = Release;
		};
/* End XCBuildConfiguration section */

/* Begin XCConfigurationList section */
		664B42AA219E6E3B009F1E08 /* Build configuration list for PBXProject "LittleTmall" */ = {
			isa = XCConfigurationList;
			buildConfigurations = (
				664B42D9219E6E3C009F1E08 /* Debug */,
				664B42DA219E6E3C009F1E08 /* Release */,
			);
			defaultConfigurationIsVisible = 0;
			defaultConfigurationName = Release;
		};
		664B42DB219E6E3C009F1E08 /* Build configuration list for PBXNativeTarget "LittleTmall" */ = {
			isa = XCConfigurationList;
			buildConfigurations = (
				664B42DC219E6E3C009F1E08 /* Debug */,
				664B42DD219E6E3C009F1E08 /* Release */,
			);
			defaultConfigurationIsVisible = 0;
			defaultConfigurationName = Release;
		};
		664B42DE219E6E3C009F1E08 /* Build configuration list for PBXNativeTarget "LittleTmallTests" */ = {
			isa = XCConfigurationList;
			buildConfigurations = (
				664B42DF219E6E3C009F1E08 /* Debug */,
				664B42E0219E6E3C009F1E08 /* Release */,
			);
			defaultConfigurationIsVisible = 0;
			defaultConfigurationName = Release;
		};
		664B42E1219E6E3C009F1E08 /* Build configuration list for PBXNativeTarget "LittleTmallUITests" */ = {
			isa = XCConfigurationList;
			buildConfigurations = (
				664B42E2219E6E3C009F1E08 /* Debug */,
				664B42E3219E6E3C009F1E08 /* Release */,
			);
			defaultConfigurationIsVisible = 0;
			defaultConfigurationName = Release;
		};
/* End XCConfigurationList section */
	};
	rootObject = 664B42A7219E6E3B009F1E08 /* Project object */;
}
