// !$*UTF8*$!
{
	archiveVersion = 1;
	classes = {
	};
	objectVersion = 48;
	objects = {

/* Begin PBXBuildFile section */
		664B42B4219E6E3B009F1E08 /* AppDelegate.m in Sources */ = {isa = PBXBuildFile; fileRef = 664B42B3219E6E3B009F1E08 /* AppDelegate.m */; };
		664B42BA219E6E3B009F1E08 /* Main.storyboard in Resources */ = {isa = PBXBuildFile; fileRef = 664B42B8219E6E3B009F1E08 /* Main.storyboard */; };
		664B42BC219E6E3C009F1E08 /* Assets.xcassets in Resources */ = {isa = PBXBuildFile; fileRef = 664B42BB219E6E3C009F1E08 /* Assets.xcassets */; };
		664B42BF219E6E3C009F1E08 /* LaunchScreen.storyboard in Resources */ = {isa = PBXBuildFile; fileRef = 664B42BD219E6E3C009F1E08 /* LaunchScreen.storyboard */; };
		664B42C2219E6E3C009F1E08 /* main.m in Sources */ = {isa = PBXBuildFile; fileRef = 664B42C1219E6E3C009F1E08 /* main.m */; };
		664B42CC219E6E3C009F1E08 /* LittleTmallTests.m in Sources */ = {isa = PBXBuildFile; fileRef = 664B42CB219E6E3C009F1E08 /* LittleTmallTests.m */; };
		664B42D7219E6E3C009F1E08 /* LittleTmallUITests.m in Sources */ = {isa = PBXBuildFile; fileRef = 664B42D6219E6E3C009F1E08 /* LittleTmallUITests.m */; };
		664B42E7219E8AA3009F1E08 /* DBBaseTabBarController.m in Sources */ = {isa = PBXBuildFile; fileRef = 664B42E6219E8AA3009F1E08 /* DBBaseTabBarController.m */; };
		664B42EB219E8BF5009F1E08 /* DBBaseNavigationController.m in Sources */ = {isa = PBXBuildFile; fileRef = 664B42EA219E8BF5009F1E08 /* DBBaseNavigationController.m */; };
		664B42F7219E90CA009F1E08 /* DBMainViewController.m in Sources */ = {isa = PBXBuildFile; fileRef = 664B42F6219E90CA009F1E08 /* DBMainViewController.m */; };
		664B42FA219E90DC009F1E08 /* DBCategoryViewController.m in Sources */ = {isa = PBXBuildFile; fileRef = 664B42F9219E90DC009F1E08 /* DBCategoryViewController.m */; };
		664B42FD219E918C009F1E08 /* DBBaseViewController.m in Sources */ = {isa = PBXBuildFile; fileRef = 664B42FC219E918C009F1E08 /* DBBaseViewController.m */; };
		664B4305219EB5FD009F1E08 /* BaseNetService.m in Sources */ = {isa = PBXBuildFile; fileRef = 664B4304219EB5FD009F1E08 /* BaseNetService.m */; };
		66842C0721A29CAC00590CCB /* DBCarBottomBar.m in Sources */ = {isa = PBXBuildFile; fileRef = 66842C0621A29CAC00590CCB /* DBCarBottomBar.m */; };
		66842C0A21A2C68F00590CCB /* DBCarBuyCell.m in Sources */ = {isa = PBXBuildFile; fileRef = 66842C0921A2C68F00590CCB /* DBCarBuyCell.m */; };
		66E1918121A4F2AF00605E0A /* DBAddressListController.m in Sources */ = {isa = PBXBuildFile; fileRef = 66E1918021A4F2AF00605E0A /* DBAddressListController.m */; };
		66E1918521A5046400605E0A /* DBAddressCell.m in Sources */ = {isa = PBXBuildFile; fileRef = 66E1918421A5046400605E0A /* DBAddressCell.m */; };
		66E1918E21A5241F00605E0A /* DBAddressBuildController.m in Sources */ = {isa = PBXBuildFile; fileRef = 66E1918D21A5241F00605E0A /* DBAddressBuildController.m */; };
		66E1920A21A6857100605E0A /* location.txt in Resources */ = {isa = PBXBuildFile; fileRef = 66E1920021A6857100605E0A /* location.txt */; };
		66E1920B21A6857100605E0A /* ProvinceModel.m in Sources */ = {isa = PBXBuildFile; fileRef = 66E1920221A6857100605E0A /* ProvinceModel.m */; };
		66E1920D21A6857100605E0A /* ZHFAddTitleAddressView.m in Sources */ = {isa = PBXBuildFile; fileRef = 66E1920621A6857100605E0A /* ZHFAddTitleAddressView.m */; };
		66E1921021A6879800605E0A /* DBAddressModel.m in Sources */ = {isa = PBXBuildFile; fileRef = 66E1920E21A6879700605E0A /* DBAddressModel.m */; };
		66E1921421A69A6400605E0A /* UIViewController+HUD.m in Sources */ = {isa = PBXBuildFile; fileRef = 66E1921321A69A6400605E0A /* UIViewController+HUD.m */; };
		66E1921721A69B7C00605E0A /* NSString+RegexCategory.m in Sources */ = {isa = PBXBuildFile; fileRef = 66E1921521A69B7C00605E0A /* NSString+RegexCategory.m */; };
		66E1921D21A6B21A00605E0A /* DBOpinionFeedbackController.m in Sources */ = {isa = PBXBuildFile; fileRef = 66E1921C21A6B21A00605E0A /* DBOpinionFeedbackController.m */; };
		66E1922121A7A97E00605E0A /* BaseNetTool.m in Sources */ = {isa = PBXBuildFile; fileRef = 66E1922021A7A97E00605E0A /* BaseNetTool.m */; };
		66E1924321A7C84300605E0A /* DBLoginViewController.m in Sources */ = {isa = PBXBuildFile; fileRef = 66E1924221A7C84300605E0A /* DBLoginViewController.m */; };
		66E1924F21A7E19800605E0A /* BaseModel.m in Sources */ = {isa = PBXBuildFile; fileRef = 66E1924E21A7E19800605E0A /* BaseModel.m */; };
		66E1925321A7E1C300605E0A /* DBLoginModel.m in Sources */ = {isa = PBXBuildFile; fileRef = 66E1925221A7E1C300605E0A /* DBLoginModel.m */; };
		66E1925721A7E2D900605E0A /* BaseUserTool.m in Sources */ = {isa = PBXBuildFile; fileRef = 66E1925621A7E2D900605E0A /* BaseUserTool.m */; };
		66E1925B21A9569C00605E0A /* DBCartModel.m in Sources */ = {isa = PBXBuildFile; fileRef = 66E1925A21A9569C00605E0A /* DBCartModel.m */; };
		8730BED921A05A9500199CC8 /* DBMineBottomCell.m in Sources */ = {isa = PBXBuildFile; fileRef = 8730BED821A05A9500199CC8 /* DBMineBottomCell.m */; };
		8730BEDC21A0696100199CC8 /* UITableView+EmptyDataView.m in Sources */ = {isa = PBXBuildFile; fileRef = 8730BEDB21A0696100199CC8 /* UITableView+EmptyDataView.m */; };
		87BB8CCC21AA264C00B767FC /* MBProgressHUD+MJ.m in Sources */ = {isa = PBXBuildFile; fileRef = 87BB8CCA21AA264C00B767FC /* MBProgressHUD+MJ.m */; };
		87D74FF0219F194200D797FE /* UIView+category.m in Sources */ = {isa = PBXBuildFile; fileRef = 87D74FEF219F194200D797FE /* UIView+category.m */; };
		87D74FF5219F19C200D797FE /* DBBuyCarViewController.m in Sources */ = {isa = PBXBuildFile; fileRef = 87D74FF4219F19C200D797FE /* DBBuyCarViewController.m */; };
		87D74FF8219F19CF00D797FE /* DBMineViewController.m in Sources */ = {isa = PBXBuildFile; fileRef = 87D74FF7219F19CF00D797FE /* DBMineViewController.m */; };
		87D74FFB219FF38A00D797FE /* DBMineTopView.m in Sources */ = {isa = PBXBuildFile; fileRef = 87D74FFA219FF38A00D797FE /* DBMineTopView.m */; };
		87D74FFF21A03E7000D797FE /* DBMineBottomView.m in Sources */ = {isa = PBXBuildFile; fileRef = 87D74FFE21A03E7000D797FE /* DBMineBottomView.m */; };
		DE14E1DF64B4EF314B090F42 /* libPods-LittleTmall.a in Frameworks */ = {isa = PBXBuildFile; fileRef = 544E3723C93DCA6DA3558ACD /* libPods-LittleTmall.a */; };
/* End PBXBuildFile section */

/* Begin PBXContainerItemProxy section */
		664B42C8219E6E3C009F1E08 /* PBXContainerItemProxy */ = {
			isa = PBXContainerItemProxy;
			containerPortal = 664B42A7219E6E3B009F1E08 /* Project object */;
			proxyType = 1;
			remoteGlobalIDString = 664B42AE219E6E3B009F1E08;
			remoteInfo = LittleTmall;
		};
		664B42D3219E6E3C009F1E08 /* PBXContainerItemProxy */ = {
			isa = PBXContainerItemProxy;
			containerPortal = 664B42A7219E6E3B009F1E08 /* Project object */;
			proxyType = 1;
			remoteGlobalIDString = 664B42AE219E6E3B009F1E08;
			remoteInfo = LittleTmall;
		};
/* End PBXContainerItemProxy section */

/* Begin PBXFileReference section */
		544E3723C93DCA6DA3558ACD /* libPods-LittleTmall.a */ = {isa = PBXFileReference; explicitFileType = archive.ar; includeInIndex = 0; path = "libPods-LittleTmall.a"; sourceTree = BUILT_PRODUCTS_DIR; };
		664B42AF219E6E3B009F1E08 /* LittleTmall.app */ = {isa = PBXFileReference; explicitFileType = wrapper.application; includeInIndex = 0; path = LittleTmall.app; sourceTree = BUILT_PRODUCTS_DIR; };
		664B42B2219E6E3B009F1E08 /* AppDelegate.h */ = {isa = PBXFileReference; lastKnownFileType = sourcecode.c.h; path = AppDelegate.h; sourceTree = "<group>"; };
		664B42B3219E6E3B009F1E08 /* AppDelegate.m */ = {isa = PBXFileReference; lastKnownFileType = sourcecode.c.objc; path = AppDelegate.m; sourceTree = "<group>"; };
		664B42B9219E6E3B009F1E08 /* Base */ = {isa = PBXFileReference; lastKnownFileType = file.storyboard; name = Base; path = Base.lproj/Main.storyboard; sourceTree = "<group>"; };
		664B42BB219E6E3C009F1E08 /* Assets.xcassets */ = {isa = PBXFileReference; lastKnownFileType = folder.assetcatalog; path = Assets.xcassets; sourceTree = "<group>"; };
		664B42BE219E6E3C009F1E08 /* Base */ = {isa = PBXFileReference; lastKnownFileType = file.storyboard; name = Base; path = Base.lproj/LaunchScreen.storyboard; sourceTree = "<group>"; };
		664B42C0219E6E3C009F1E08 /* Info.plist */ = {isa = PBXFileReference; lastKnownFileType = text.plist.xml; path = Info.plist; sourceTree = "<group>"; };
		664B42C1219E6E3C009F1E08 /* main.m */ = {isa = PBXFileReference; lastKnownFileType = sourcecode.c.objc; path = main.m; sourceTree = "<group>"; };
		664B42C7219E6E3C009F1E08 /* LittleTmallTests.xctest */ = {isa = PBXFileReference; explicitFileType = wrapper.cfbundle; includeInIndex = 0; path = LittleTmallTests.xctest; sourceTree = BUILT_PRODUCTS_DIR; };
		664B42CB219E6E3C009F1E08 /* LittleTmallTests.m */ = {isa = PBXFileReference; lastKnownFileType = sourcecode.c.objc; path = LittleTmallTests.m; sourceTree = "<group>"; };
		664B42CD219E6E3C009F1E08 /* Info.plist */ = {isa = PBXFileReference; lastKnownFileType = text.plist.xml; path = Info.plist; sourceTree = "<group>"; };
		664B42D2219E6E3C009F1E08 /* LittleTmallUITests.xctest */ = {isa = PBXFileReference; explicitFileType = wrapper.cfbundle; includeInIndex = 0; path = LittleTmallUITests.xctest; sourceTree = BUILT_PRODUCTS_DIR; };
		664B42D6219E6E3C009F1E08 /* LittleTmallUITests.m */ = {isa = PBXFileReference; lastKnownFileType = sourcecode.c.objc; path = LittleTmallUITests.m; sourceTree = "<group>"; };
		664B42D8219E6E3C009F1E08 /* Info.plist */ = {isa = PBXFileReference; lastKnownFileType = text.plist.xml; path = Info.plist; sourceTree = "<group>"; };
		664B42E5219E8AA3009F1E08 /* DBBaseTabBarController.h */ = {isa = PBXFileReference; lastKnownFileType = sourcecode.c.h; path = DBBaseTabBarController.h; sourceTree = "<group>"; };
		664B42E6219E8AA3009F1E08 /* DBBaseTabBarController.m */ = {isa = PBXFileReference; lastKnownFileType = sourcecode.c.objc; path = DBBaseTabBarController.m; sourceTree = "<group>"; };
		664B42E9219E8BF5009F1E08 /* DBBaseNavigationController.h */ = {isa = PBXFileReference; lastKnownFileType = sourcecode.c.h; path = DBBaseNavigationController.h; sourceTree = "<group>"; };
		664B42EA219E8BF5009F1E08 /* DBBaseNavigationController.m */ = {isa = PBXFileReference; lastKnownFileType = sourcecode.c.objc; path = DBBaseNavigationController.m; sourceTree = "<group>"; };
		664B42F5219E90CA009F1E08 /* DBMainViewController.h */ = {isa = PBXFileReference; lastKnownFileType = sourcecode.c.h; path = DBMainViewController.h; sourceTree = "<group>"; };
		664B42F6219E90CA009F1E08 /* DBMainViewController.m */ = {isa = PBXFileReference; lastKnownFileType = sourcecode.c.objc; path = DBMainViewController.m; sourceTree = "<group>"; };
		664B42F8219E90DC009F1E08 /* DBCategoryViewController.h */ = {isa = PBXFileReference; lastKnownFileType = sourcecode.c.h; path = DBCategoryViewController.h; sourceTree = "<group>"; };
		664B42F9219E90DC009F1E08 /* DBCategoryViewController.m */ = {isa = PBXFileReference; lastKnownFileType = sourcecode.c.objc; path = DBCategoryViewController.m; sourceTree = "<group>"; };
		664B42FB219E918C009F1E08 /* DBBaseViewController.h */ = {isa = PBXFileReference; lastKnownFileType = sourcecode.c.h; path = DBBaseViewController.h; sourceTree = "<group>"; };
		664B42FC219E918C009F1E08 /* DBBaseViewController.m */ = {isa = PBXFileReference; lastKnownFileType = sourcecode.c.objc; path = DBBaseViewController.m; sourceTree = "<group>"; };
		664B42FF219E9932009F1E08 /* Macro.h */ = {isa = PBXFileReference; lastKnownFileType = sourcecode.c.h; path = Macro.h; sourceTree = "<group>"; };
		664B4300219E9BE9009F1E08 /* PrefixHeader.pch */ = {isa = PBXFileReference; lastKnownFileType = sourcecode.c.h; path = PrefixHeader.pch; sourceTree = "<group>"; };
		664B4303219EB5FD009F1E08 /* BaseNetService.h */ = {isa = PBXFileReference; lastKnownFileType = sourcecode.c.h; path = BaseNetService.h; sourceTree = "<group>"; };
		664B4304219EB5FD009F1E08 /* BaseNetService.m */ = {isa = PBXFileReference; lastKnownFileType = sourcecode.c.objc; path = BaseNetService.m; sourceTree = "<group>"; };
		66842C0521A29CAC00590CCB /* DBCarBottomBar.h */ = {isa = PBXFileReference; lastKnownFileType = sourcecode.c.h; path = DBCarBottomBar.h; sourceTree = "<group>"; };
		66842C0621A29CAC00590CCB /* DBCarBottomBar.m */ = {isa = PBXFileReference; lastKnownFileType = sourcecode.c.objc; path = DBCarBottomBar.m; sourceTree = "<group>"; };
		66842C0821A2C68F00590CCB /* DBCarBuyCell.h */ = {isa = PBXFileReference; lastKnownFileType = sourcecode.c.h; path = DBCarBuyCell.h; sourceTree = "<group>"; };
		66842C0921A2C68F00590CCB /* DBCarBuyCell.m */ = {isa = PBXFileReference; lastKnownFileType = sourcecode.c.objc; path = DBCarBuyCell.m; sourceTree = "<group>"; };
		66E1917F21A4F2AF00605E0A /* DBAddressListController.h */ = {isa = PBXFileReference; lastKnownFileType = sourcecode.c.h; path = DBAddressListController.h; sourceTree = "<group>"; };
		66E1918021A4F2AF00605E0A /* DBAddressListController.m */ = {isa = PBXFileReference; lastKnownFileType = sourcecode.c.objc; path = DBAddressListController.m; sourceTree = "<group>"; };
		66E1918321A5046400605E0A /* DBAddressCell.h */ = {isa = PBXFileReference; lastKnownFileType = sourcecode.c.h; path = DBAddressCell.h; sourceTree = "<group>"; };
		66E1918421A5046400605E0A /* DBAddressCell.m */ = {isa = PBXFileReference; lastKnownFileType = sourcecode.c.objc; path = DBAddressCell.m; sourceTree = "<group>"; };
		66E1918C21A5241F00605E0A /* DBAddressBuildController.h */ = {isa = PBXFileReference; lastKnownFileType = sourcecode.c.h; path = DBAddressBuildController.h; sourceTree = "<group>"; };
		66E1918D21A5241F00605E0A /* DBAddressBuildController.m */ = {isa = PBXFileReference; lastKnownFileType = sourcecode.c.objc; path = DBAddressBuildController.m; sourceTree = "<group>"; };
		66E1920021A6857100605E0A /* location.txt */ = {isa = PBXFileReference; fileEncoding = 4; lastKnownFileType = text; path = location.txt; sourceTree = "<group>"; };
		66E1920121A6857100605E0A /* ProvinceModel.h */ = {isa = PBXFileReference; fileEncoding = 4; lastKnownFileType = sourcecode.c.h; path = ProvinceModel.h; sourceTree = "<group>"; };
		66E1920221A6857100605E0A /* ProvinceModel.m */ = {isa = PBXFileReference; fileEncoding = 4; lastKnownFileType = sourcecode.c.objc; path = ProvinceModel.m; sourceTree = "<group>"; };
		66E1920521A6857100605E0A /* ZHFAddTitleAddressView.h */ = {isa = PBXFileReference; fileEncoding = 4; lastKnownFileType = sourcecode.c.h; path = ZHFAddTitleAddressView.h; sourceTree = "<group>"; };
		66E1920621A6857100605E0A /* ZHFAddTitleAddressView.m */ = {isa = PBXFileReference; fileEncoding = 4; lastKnownFileType = sourcecode.c.objc; path = ZHFAddTitleAddressView.m; sourceTree = "<group>"; };
		66E1920E21A6879700605E0A /* DBAddressModel.m */ = {isa = PBXFileReference; fileEncoding = 4; lastKnownFileType = sourcecode.c.objc; path = DBAddressModel.m; sourceTree = "<group>"; };
		66E1920F21A6879700605E0A /* DBAddressModel.h */ = {isa = PBXFileReference; fileEncoding = 4; lastKnownFileType = sourcecode.c.h; path = DBAddressModel.h; sourceTree = "<group>"; };
		66E1921221A69A6300605E0A /* UIViewController+HUD.h */ = {isa = PBXFileReference; fileEncoding = 4; lastKnownFileType = sourcecode.c.h; path = "UIViewController+HUD.h"; sourceTree = "<group>"; };
		66E1921321A69A6400605E0A /* UIViewController+HUD.m */ = {isa = PBXFileReference; fileEncoding = 4; lastKnownFileType = sourcecode.c.objc; path = "UIViewController+HUD.m"; sourceTree = "<group>"; };
		66E1921521A69B7C00605E0A /* NSString+RegexCategory.m */ = {isa = PBXFileReference; fileEncoding = 4; lastKnownFileType = sourcecode.c.objc; path = "NSString+RegexCategory.m"; sourceTree = "<group>"; };
		66E1921621A69B7C00605E0A /* NSString+RegexCategory.h */ = {isa = PBXFileReference; fileEncoding = 4; lastKnownFileType = sourcecode.c.h; path = "NSString+RegexCategory.h"; sourceTree = "<group>"; };
		66E1921B21A6B21A00605E0A /* DBOpinionFeedbackController.h */ = {isa = PBXFileReference; lastKnownFileType = sourcecode.c.h; path = DBOpinionFeedbackController.h; sourceTree = "<group>"; };
		66E1921C21A6B21A00605E0A /* DBOpinionFeedbackController.m */ = {isa = PBXFileReference; lastKnownFileType = sourcecode.c.objc; path = DBOpinionFeedbackController.m; sourceTree = "<group>"; };
		66E1921E21A7A7A000605E0A /* BaseHostUrl.h */ = {isa = PBXFileReference; lastKnownFileType = sourcecode.c.h; path = BaseHostUrl.h; sourceTree = "<group>"; };
		66E1921F21A7A97E00605E0A /* BaseNetTool.h */ = {isa = PBXFileReference; lastKnownFileType = sourcecode.c.h; path = BaseNetTool.h; sourceTree = "<group>"; };
		66E1922021A7A97E00605E0A /* BaseNetTool.m */ = {isa = PBXFileReference; lastKnownFileType = sourcecode.c.objc; path = BaseNetTool.m; sourceTree = "<group>"; };
		66E1924121A7C84300605E0A /* DBLoginViewController.h */ = {isa = PBXFileReference; fileEncoding = 4; lastKnownFileType = sourcecode.c.h; path = DBLoginViewController.h; sourceTree = "<group>"; };
		66E1924221A7C84300605E0A /* DBLoginViewController.m */ = {isa = PBXFileReference; fileEncoding = 4; lastKnownFileType = sourcecode.c.objc; path = DBLoginViewController.m; sourceTree = "<group>"; };
		66E1924D21A7E19800605E0A /* BaseModel.h */ = {isa = PBXFileReference; lastKnownFileType = sourcecode.c.h; path = BaseModel.h; sourceTree = "<group>"; };
		66E1924E21A7E19800605E0A /* BaseModel.m */ = {isa = PBXFileReference; lastKnownFileType = sourcecode.c.objc; path = BaseModel.m; sourceTree = "<group>"; };
		66E1925121A7E1C300605E0A /* DBLoginModel.h */ = {isa = PBXFileReference; lastKnownFileType = sourcecode.c.h; path = DBLoginModel.h; sourceTree = "<group>"; };
		66E1925221A7E1C300605E0A /* DBLoginModel.m */ = {isa = PBXFileReference; lastKnownFileType = sourcecode.c.objc; path = DBLoginModel.m; sourceTree = "<group>"; };
		66E1925521A7E2D900605E0A /* BaseUserTool.h */ = {isa = PBXFileReference; lastKnownFileType = sourcecode.c.h; path = BaseUserTool.h; sourceTree = "<group>"; };
		66E1925621A7E2D900605E0A /* BaseUserTool.m */ = {isa = PBXFileReference; lastKnownFileType = sourcecode.c.objc; path = BaseUserTool.m; sourceTree = "<group>"; };
		66E1925921A9569C00605E0A /* DBCartModel.h */ = {isa = PBXFileReference; lastKnownFileType = sourcecode.c.h; path = DBCartModel.h; sourceTree = "<group>"; };
		66E1925A21A9569C00605E0A /* DBCartModel.m */ = {isa = PBXFileReference; lastKnownFileType = sourcecode.c.objc; path = DBCartModel.m; sourceTree = "<group>"; };
		8730BED721A05A9500199CC8 /* DBMineBottomCell.h */ = {isa = PBXFileReference; lastKnownFileType = sourcecode.c.h; path = DBMineBottomCell.h; sourceTree = "<group>"; };
		8730BED821A05A9500199CC8 /* DBMineBottomCell.m */ = {isa = PBXFileReference; lastKnownFileType = sourcecode.c.objc; path = DBMineBottomCell.m; sourceTree = "<group>"; };
		8730BEDA21A0696100199CC8 /* UITableView+EmptyDataView.h */ = {isa = PBXFileReference; lastKnownFileType = sourcecode.c.h; path = "UITableView+EmptyDataView.h"; sourceTree = "<group>"; };
		8730BEDB21A0696100199CC8 /* UITableView+EmptyDataView.m */ = {isa = PBXFileReference; lastKnownFileType = sourcecode.c.objc; path = "UITableView+EmptyDataView.m"; sourceTree = "<group>"; };
		87BB8CCA21AA264C00B767FC /* MBProgressHUD+MJ.m */ = {isa = PBXFileReference; fileEncoding = 4; lastKnownFileType = sourcecode.c.objc; path = "MBProgressHUD+MJ.m"; sourceTree = "<group>"; };
		87BB8CCB21AA264C00B767FC /* MBProgressHUD+MJ.h */ = {isa = PBXFileReference; fileEncoding = 4; lastKnownFileType = sourcecode.c.h; path = "MBProgressHUD+MJ.h"; sourceTree = "<group>"; };
		87D74FEE219F194200D797FE /* UIView+category.h */ = {isa = PBXFileReference; lastKnownFileType = sourcecode.c.h; path = "UIView+category.h"; sourceTree = "<group>"; };
		87D74FEF219F194200D797FE /* UIView+category.m */ = {isa = PBXFileReference; lastKnownFileType = sourcecode.c.objc; path = "UIView+category.m"; sourceTree = "<group>"; };
		87D74FF3219F19C200D797FE /* DBBuyCarViewController.h */ = {isa = PBXFileReference; lastKnownFileType = sourcecode.c.h; path = DBBuyCarViewController.h; sourceTree = "<group>"; };
		87D74FF4219F19C200D797FE /* DBBuyCarViewController.m */ = {isa = PBXFileReference; lastKnownFileType = sourcecode.c.objc; path = DBBuyCarViewController.m; sourceTree = "<group>"; };
		87D74FF6219F19CF00D797FE /* DBMineViewController.h */ = {isa = PBXFileReference; lastKnownFileType = sourcecode.c.h; path = DBMineViewController.h; sourceTree = "<group>"; };
		87D74FF7219F19CF00D797FE /* DBMineViewController.m */ = {isa = PBXFileReference; lastKnownFileType = sourcecode.c.objc; path = DBMineViewController.m; sourceTree = "<group>"; };
		87D74FF9219FF38A00D797FE /* DBMineTopView.h */ = {isa = PBXFileReference; lastKnownFileType = sourcecode.c.h; path = DBMineTopView.h; sourceTree = "<group>"; };
		87D74FFA219FF38A00D797FE /* DBMineTopView.m */ = {isa = PBXFileReference; lastKnownFileType = sourcecode.c.objc; path = DBMineTopView.m; sourceTree = "<group>"; };
		87D74FFD21A03E7000D797FE /* DBMineBottomView.h */ = {isa = PBXFileReference; lastKnownFileType = sourcecode.c.h; path = DBMineBottomView.h; sourceTree = "<group>"; };
		87D74FFE21A03E7000D797FE /* DBMineBottomView.m */ = {isa = PBXFileReference; lastKnownFileType = sourcecode.c.objc; path = DBMineBottomView.m; sourceTree = "<group>"; };
		CF706C28EF97FF6CEFB79929 /* Pods-LittleTmall.release.xcconfig */ = {isa = PBXFileReference; includeInIndex = 1; lastKnownFileType = text.xcconfig; name = "Pods-LittleTmall.release.xcconfig"; path = "Pods/Target Support Files/Pods-LittleTmall/Pods-LittleTmall.release.xcconfig"; sourceTree = "<group>"; };
		F2F506574A56FB9BA1403BE6 /* Pods-LittleTmall.debug.xcconfig */ = {isa = PBXFileReference; includeInIndex = 1; lastKnownFileType = text.xcconfig; name = "Pods-LittleTmall.debug.xcconfig"; path = "Pods/Target Support Files/Pods-LittleTmall/Pods-LittleTmall.debug.xcconfig"; sourceTree = "<group>"; };
/* End PBXFileReference section */

/* Begin PBXFrameworksBuildPhase section */
		664B42AC219E6E3B009F1E08 /* Frameworks */ = {
			isa = PBXFrameworksBuildPhase;
			buildActionMask = 2147483647;
			files = (
				DE14E1DF64B4EF314B090F42 /* libPods-LittleTmall.a in Frameworks */,
			);
			runOnlyForDeploymentPostprocessing = 0;
		};
		664B42C4219E6E3C009F1E08 /* Frameworks */ = {
			isa = PBXFrameworksBuildPhase;
			buildActionMask = 2147483647;
			files = (
			);
			runOnlyForDeploymentPostprocessing = 0;
		};
		664B42CF219E6E3C009F1E08 /* Frameworks */ = {
			isa = PBXFrameworksBuildPhase;
			buildActionMask = 2147483647;
			files = (
			);
			runOnlyForDeploymentPostprocessing = 0;
		};
/* End PBXFrameworksBuildPhase section */

/* Begin PBXGroup section */
		664B42A6219E6E3B009F1E08 = {
			isa = PBXGroup;
			children = (
				664B42B1219E6E3B009F1E08 /* LittleTmall */,
				664B42CA219E6E3C009F1E08 /* LittleTmallTests */,
				664B42D5219E6E3C009F1E08 /* LittleTmallUITests */,
				664B42B0219E6E3B009F1E08 /* Products */,
				9B760CB29D810B1308D52601 /* Pods */,
				F8E873428DD577189F8E4BAE /* Frameworks */,
			);
			sourceTree = "<group>";
		};
		664B42B0219E6E3B009F1E08 /* Products */ = {
			isa = PBXGroup;
			children = (
				664B42AF219E6E3B009F1E08 /* LittleTmall.app */,
				664B42C7219E6E3C009F1E08 /* LittleTmallTests.xctest */,
				664B42D2219E6E3C009F1E08 /* LittleTmallUITests.xctest */,
			);
			name = Products;
			sourceTree = "<group>";
		};
		664B42B1219E6E3B009F1E08 /* LittleTmall */ = {
			isa = PBXGroup;
			children = (
				664B42F0219E8F9A009F1E08 /* Base */,
				664B42FE219E9912009F1E08 /* OtherFiles */,
				66E1922321A7ACA800605E0A /* Login */,
				664B42EC219E8EB1009F1E08 /* Main(首页) */,
				664B42EF219E8EED009F1E08 /* Categories(分类) */,
				87D74FF1219F195300D797FE /* BuyCar(购物车) */,
				87D74FF2219F195A00D797FE /* Mine(我的) */,
				664B42B2219E6E3B009F1E08 /* AppDelegate.h */,
				664B42B3219E6E3B009F1E08 /* AppDelegate.m */,
				664B42B8219E6E3B009F1E08 /* Main.storyboard */,
				664B42BB219E6E3C009F1E08 /* Assets.xcassets */,
				664B42BD219E6E3C009F1E08 /* LaunchScreen.storyboard */,
				664B42C0219E6E3C009F1E08 /* Info.plist */,
				664B42C1219E6E3C009F1E08 /* main.m */,
			);
			path = LittleTmall;
			sourceTree = "<group>";
		};
		664B42CA219E6E3C009F1E08 /* LittleTmallTests */ = {
			isa = PBXGroup;
			children = (
				664B42CB219E6E3C009F1E08 /* LittleTmallTests.m */,
				664B42CD219E6E3C009F1E08 /* Info.plist */,
			);
			path = LittleTmallTests;
			sourceTree = "<group>";
		};
		664B42D5219E6E3C009F1E08 /* LittleTmallUITests */ = {
			isa = PBXGroup;
			children = (
				664B42D6219E6E3C009F1E08 /* LittleTmallUITests.m */,
				664B42D8219E6E3C009F1E08 /* Info.plist */,
			);
			path = LittleTmallUITests;
			sourceTree = "<group>";
		};
		664B42EC219E8EB1009F1E08 /* Main(首页) */ = {
			isa = PBXGroup;
			children = (
				664B42F5219E90CA009F1E08 /* DBMainViewController.h */,
				664B42F6219E90CA009F1E08 /* DBMainViewController.m */,
			);
			path = "Main(首页)";
			sourceTree = "<group>";
		};
		664B42EF219E8EED009F1E08 /* Categories(分类) */ = {
			isa = PBXGroup;
			children = (
				664B42F8219E90DC009F1E08 /* DBCategoryViewController.h */,
				664B42F9219E90DC009F1E08 /* DBCategoryViewController.m */,
			);
			path = "Categories(分类)";
			sourceTree = "<group>";
		};
		664B42F0219E8F9A009F1E08 /* Base */ = {
			isa = PBXGroup;
			children = (
				66E1925421A7E2B400605E0A /* Tools */,
				66E1922221A7AA5E00605E0A /* BaseModel */,
				664B4301219EB5A0009F1E08 /* BaseNet */,
				664B42F1219E8FB1009F1E08 /* BaseController */,
			);
			path = Base;
			sourceTree = "<group>";
		};
		664B42F1219E8FB1009F1E08 /* BaseController */ = {
			isa = PBXGroup;
			children = (
				664B42E9219E8BF5009F1E08 /* DBBaseNavigationController.h */,
				664B42EA219E8BF5009F1E08 /* DBBaseNavigationController.m */,
				664B42E5219E8AA3009F1E08 /* DBBaseTabBarController.h */,
				664B42E6219E8AA3009F1E08 /* DBBaseTabBarController.m */,
				664B42FB219E918C009F1E08 /* DBBaseViewController.h */,
				664B42FC219E918C009F1E08 /* DBBaseViewController.m */,
			);
			path = BaseController;
			sourceTree = "<group>";
		};
		664B42FE219E9912009F1E08 /* OtherFiles */ = {
			isa = PBXGroup;
			children = (
				664B4307219EDC2E009F1E08 /* Libs */,
				664B4300219E9BE9009F1E08 /* PrefixHeader.pch */,
				664B42FF219E9932009F1E08 /* Macro.h */,
			);
			path = OtherFiles;
			sourceTree = "<group>";
		};
		664B4301219EB5A0009F1E08 /* BaseNet */ = {
			isa = PBXGroup;
			children = (
				66E1921E21A7A7A000605E0A /* BaseHostUrl.h */,
				664B4303219EB5FD009F1E08 /* BaseNetService.h */,
				664B4304219EB5FD009F1E08 /* BaseNetService.m */,
			);
			path = BaseNet;
			sourceTree = "<group>";
		};
		664B4307219EDC2E009F1E08 /* Libs */ = {
			isa = PBXGroup;
			children = (
				87D74FED219F192800D797FE /* Category */,
			);
			path = Libs;
			sourceTree = "<group>";
		};
		66842C0121A29C3C00590CCB /* View */ = {
			isa = PBXGroup;
			children = (
				66842C0521A29CAC00590CCB /* DBCarBottomBar.h */,
				66842C0621A29CAC00590CCB /* DBCarBottomBar.m */,
				66842C0821A2C68F00590CCB /* DBCarBuyCell.h */,
				66842C0921A2C68F00590CCB /* DBCarBuyCell.m */,
			);
			path = View;
			sourceTree = "<group>";
		};
		66E1917E21A4F25D00605E0A /* Controller */ = {
			isa = PBXGroup;
			children = (
				66E1917F21A4F2AF00605E0A /* DBAddressListController.h */,
				66E1918021A4F2AF00605E0A /* DBAddressListController.m */,
				66E1921B21A6B21A00605E0A /* DBOpinionFeedbackController.h */,
				66E1921C21A6B21A00605E0A /* DBOpinionFeedbackController.m */,
				66E1918C21A5241F00605E0A /* DBAddressBuildController.h */,
				66E1918D21A5241F00605E0A /* DBAddressBuildController.m */,
			);
			path = Controller;
			sourceTree = "<group>";
		};
		66E1918221A5044000605E0A /* Adress */ = {
			isa = PBXGroup;
			children = (
				66E1918321A5046400605E0A /* DBAddressCell.h */,
				66E1918421A5046400605E0A /* DBAddressCell.m */,
			);
			path = Adress;
			sourceTree = "<group>";
		};
		66E1918621A5049400605E0A /* Mine */ = {
			isa = PBXGroup;
			children = (
				87D74FF9219FF38A00D797FE /* DBMineTopView.h */,
				87D74FFA219FF38A00D797FE /* DBMineTopView.m */,
				87D74FFD21A03E7000D797FE /* DBMineBottomView.h */,
				87D74FFE21A03E7000D797FE /* DBMineBottomView.m */,
				8730BED721A05A9500199CC8 /* DBMineBottomCell.h */,
				8730BED821A05A9500199CC8 /* DBMineBottomCell.m */,
			);
			path = Mine;
			sourceTree = "<group>";
		};
		66E1918721A507A800605E0A /* Model */ = {
			isa = PBXGroup;
			children = (
				66E1921121A687C700605E0A /* Address */,
			);
			path = Model;
			sourceTree = "<group>";
		};
		66E191F921A6857100605E0A /* AddressPickView */ = {
			isa = PBXGroup;
			children = (
				66E1920021A6857100605E0A /* location.txt */,
				66E1920121A6857100605E0A /* ProvinceModel.h */,
				66E1920221A6857100605E0A /* ProvinceModel.m */,
				66E1920521A6857100605E0A /* ZHFAddTitleAddressView.h */,
				66E1920621A6857100605E0A /* ZHFAddTitleAddressView.m */,
			);
			path = AddressPickView;
			sourceTree = "<group>";
		};
		66E1921121A687C700605E0A /* Address */ = {
			isa = PBXGroup;
			children = (
				66E1920F21A6879700605E0A /* DBAddressModel.h */,
				66E1920E21A6879700605E0A /* DBAddressModel.m */,
			);
			path = Address;
			sourceTree = "<group>";
		};
		66E1922221A7AA5E00605E0A /* BaseModel */ = {
			isa = PBXGroup;
			children = (
				66E1924D21A7E19800605E0A /* BaseModel.h */,
				66E1924E21A7E19800605E0A /* BaseModel.m */,
			);
			path = BaseModel;
			sourceTree = "<group>";
		};
		66E1922321A7ACA800605E0A /* Login */ = {
			isa = PBXGroup;
			children = (
				66E1925021A7E1AB00605E0A /* Model */,
				66E1924121A7C84300605E0A /* DBLoginViewController.h */,
				66E1924221A7C84300605E0A /* DBLoginViewController.m */,
			);
			path = Login;
			sourceTree = "<group>";
		};
		66E1925021A7E1AB00605E0A /* Model */ = {
			isa = PBXGroup;
			children = (
				66E1925121A7E1C300605E0A /* DBLoginModel.h */,
				66E1925221A7E1C300605E0A /* DBLoginModel.m */,
			);
			path = Model;
			sourceTree = "<group>";
		};
		66E1925421A7E2B400605E0A /* Tools */ = {
			isa = PBXGroup;
			children = (
				66E1921F21A7A97E00605E0A /* BaseNetTool.h */,
				66E1922021A7A97E00605E0A /* BaseNetTool.m */,
				66E1925521A7E2D900605E0A /* BaseUserTool.h */,
				66E1925621A7E2D900605E0A /* BaseUserTool.m */,
			);
			path = Tools;
			sourceTree = "<group>";
		};
		66E1925821A9567C00605E0A /* Model */ = {
			isa = PBXGroup;
			children = (
				66E1925921A9569C00605E0A /* DBCartModel.h */,
				66E1925A21A9569C00605E0A /* DBCartModel.m */,
			);
			path = Model;
			sourceTree = "<group>";
		};
		87D74FED219F192800D797FE /* Category */ = {
			isa = PBXGroup;
			children = (
				87D74FEE219F194200D797FE /* UIView+category.h */,
				87D74FEF219F194200D797FE /* UIView+category.m */,
				66E1921621A69B7C00605E0A /* NSString+RegexCategory.h */,
				66E1921521A69B7C00605E0A /* NSString+RegexCategory.m */,
				8730BEDA21A0696100199CC8 /* UITableView+EmptyDataView.h */,
				8730BEDB21A0696100199CC8 /* UITableView+EmptyDataView.m */,
				66E1921221A69A6300605E0A /* UIViewController+HUD.h */,
				66E1921321A69A6400605E0A /* UIViewController+HUD.m */,
				87BB8CCB21AA264C00B767FC /* MBProgressHUD+MJ.h */,
				87BB8CCA21AA264C00B767FC /* MBProgressHUD+MJ.m */,
			);
			path = Category;
			sourceTree = "<group>";
		};
		87D74FF1219F195300D797FE /* BuyCar(购物车) */ = {
			isa = PBXGroup;
			children = (
				66E1925821A9567C00605E0A /* Model */,
				66842C0121A29C3C00590CCB /* View */,
				87D74FF3219F19C200D797FE /* DBBuyCarViewController.h */,
				87D74FF4219F19C200D797FE /* DBBuyCarViewController.m */,
			);
			path = "BuyCar(购物车)";
			sourceTree = "<group>";
		};
		87D74FF2219F195A00D797FE /* Mine(我的) */ = {
			isa = PBXGroup;
			children = (
				66E191F921A6857100605E0A /* AddressPickView */,
				66E1918721A507A800605E0A /* Model */,
				87D74FFC219FF39100D797FE /* View */,
				66E1917E21A4F25D00605E0A /* Controller */,
				87D74FF6219F19CF00D797FE /* DBMineViewController.h */,
				87D74FF7219F19CF00D797FE /* DBMineViewController.m */,
			);
			name = "Mine(我的)";
			path = "Mine/Mine(我的)";
			sourceTree = "<group>";
		};
		87D74FFC219FF39100D797FE /* View */ = {
			isa = PBXGroup;
			children = (
				66E1918621A5049400605E0A /* Mine */,
				66E1918221A5044000605E0A /* Adress */,
			);
			path = View;
			sourceTree = "<group>";
		};
		9B760CB29D810B1308D52601 /* Pods */ = {
			isa = PBXGroup;
			children = (
				F2F506574A56FB9BA1403BE6 /* Pods-LittleTmall.debug.xcconfig */,
				CF706C28EF97FF6CEFB79929 /* Pods-LittleTmall.release.xcconfig */,
			);
			name = Pods;
			sourceTree = "<group>";
		};
		F8E873428DD577189F8E4BAE /* Frameworks */ = {
			isa = PBXGroup;
			children = (
				544E3723C93DCA6DA3558ACD /* libPods-LittleTmall.a */,
			);
			name = Frameworks;
			sourceTree = "<group>";
		};
/* End PBXGroup section */

/* Begin PBXNativeTarget section */
		664B42AE219E6E3B009F1E08 /* LittleTmall */ = {
			isa = PBXNativeTarget;
			buildConfigurationList = 664B42DB219E6E3C009F1E08 /* Build configuration list for PBXNativeTarget "LittleTmall" */;
			buildPhases = (
				6B9B9AC4C7E37C25B8554BBC /* [CP] Check Pods Manifest.lock */,
				664B42AB219E6E3B009F1E08 /* Sources */,
				664B42AC219E6E3B009F1E08 /* Frameworks */,
				664B42AD219E6E3B009F1E08 /* Resources */,
				A8127276D157551252F9AA03 /* [CP] Embed Pods Frameworks */,
				AC2D73943E25B35296079447 /* [CP] Copy Pods Resources */,
			);
			buildRules = (
			);
			dependencies = (
			);
			name = LittleTmall;
			productName = LittleTmall;
			productReference = 664B42AF219E6E3B009F1E08 /* LittleTmall.app */;
			productType = "com.apple.product-type.application";
		};
		664B42C6219E6E3C009F1E08 /* LittleTmallTests */ = {
			isa = PBXNativeTarget;
			buildConfigurationList = 664B42DE219E6E3C009F1E08 /* Build configuration list for PBXNativeTarget "LittleTmallTests" */;
			buildPhases = (
				664B42C3219E6E3C009F1E08 /* Sources */,
				664B42C4219E6E3C009F1E08 /* Frameworks */,
				664B42C5219E6E3C009F1E08 /* Resources */,
			);
			buildRules = (
			);
			dependencies = (
				664B42C9219E6E3C009F1E08 /* PBXTargetDependency */,
			);
			name = LittleTmallTests;
			productName = LittleTmallTests;
			productReference = 664B42C7219E6E3C009F1E08 /* LittleTmallTests.xctest */;
			productType = "com.apple.product-type.bundle.unit-test";
		};
		664B42D1219E6E3C009F1E08 /* LittleTmallUITests */ = {
			isa = PBXNativeTarget;
			buildConfigurationList = 664B42E1219E6E3C009F1E08 /* Build configuration list for PBXNativeTarget "LittleTmallUITests" */;
			buildPhases = (
				664B42CE219E6E3C009F1E08 /* Sources */,
				664B42CF219E6E3C009F1E08 /* Frameworks */,
				664B42D0219E6E3C009F1E08 /* Resources */,
			);
			buildRules = (
			);
			dependencies = (
				664B42D4219E6E3C009F1E08 /* PBXTargetDependency */,
			);
			name = LittleTmallUITests;
			productName = LittleTmallUITests;
			productReference = 664B42D2219E6E3C009F1E08 /* LittleTmallUITests.xctest */;
			productType = "com.apple.product-type.bundle.ui-testing";
		};
/* End PBXNativeTarget section */

/* Begin PBXProject section */
		664B42A7219E6E3B009F1E08 /* Project object */ = {
			isa = PBXProject;
			attributes = {
				CLASSPREFIX = DB;
				LastUpgradeCheck = 0930;
				ORGANIZATIONNAME = com.qzxq;
				TargetAttributes = {
					664B42AE219E6E3B009F1E08 = {
						CreatedOnToolsVersion = 9.3;
						ProvisioningStyle = Automatic;
					};
					664B42C6219E6E3C009F1E08 = {
						CreatedOnToolsVersion = 9.3;
						ProvisioningStyle = Automatic;
						TestTargetID = 664B42AE219E6E3B009F1E08;
					};
					664B42D1219E6E3C009F1E08 = {
						CreatedOnToolsVersion = 9.3;
						ProvisioningStyle = Automatic;
						TestTargetID = 664B42AE219E6E3B009F1E08;
					};
				};
			};
			buildConfigurationList = 664B42AA219E6E3B009F1E08 /* Build configuration list for PBXProject "LittleTmall" */;
			compatibilityVersion = "Xcode 8.0";
			developmentRegion = en;
			hasScannedForEncodings = 0;
			knownRegions = (
				en,
				Base,
			);
			mainGroup = 664B42A6219E6E3B009F1E08;
			productRefGroup = 664B42B0219E6E3B009F1E08 /* Products */;
			projectDirPath = "";
			projectRoot = "";
			targets = (
				664B42AE219E6E3B009F1E08 /* LittleTmall */,
				664B42C6219E6E3C009F1E08 /* LittleTmallTests */,
				664B42D1219E6E3C009F1E08 /* LittleTmallUITests */,
			);
		};
/* End PBXProject section */

/* Begin PBXResourcesBuildPhase section */
		664B42AD219E6E3B009F1E08 /* Resources */ = {
			isa = PBXResourcesBuildPhase;
			buildActionMask = 2147483647;
			files = (
				664B42BF219E6E3C009F1E08 /* LaunchScreen.storyboard in Resources */,
				664B42BC219E6E3C009F1E08 /* Assets.xcassets in Resources */,
				664B42BA219E6E3B009F1E08 /* Main.storyboard in Resources */,
				66E1920A21A6857100605E0A /* location.txt in Resources */,
			);
			runOnlyForDeploymentPostprocessing = 0;
		};
		664B42C5219E6E3C009F1E08 /* Resources */ = {
			isa = PBXResourcesBuildPhase;
			buildActionMask = 2147483647;
			files = (
			);
			runOnlyForDeploymentPostprocessing = 0;
		};
		664B42D0219E6E3C009F1E08 /* Resources */ = {
			isa = PBXResourcesBuildPhase;
			buildActionMask = 2147483647;
			files = (
			);
			runOnlyForDeploymentPostprocessing = 0;
		};
/* End PBXResourcesBuildPhase section */

/* Begin PBXShellScriptBuildPhase section */
		6B9B9AC4C7E37C25B8554BBC /* [CP] Check Pods Manifest.lock */ = {
			isa = PBXShellScriptBuildPhase;
			buildActionMask = 2147483647;
			files = (
			);
			inputPaths = (
			);
			name = "[CP] Check Pods Manifest.lock";
			outputPaths = (
			);
			runOnlyForDeploymentPostprocessing = 0;
			shellPath = /bin/sh;
			shellScript = "diff \"${PODS_ROOT}/../Podfile.lock\" \"${PODS_ROOT}/Manifest.lock\" > /dev/null\nif [ $? != 0 ] ; then\n    # print error to STDERR\n    echo \"error: The sandbox is not in sync with the Podfile.lock. Run 'pod install' or update your CocoaPods installation.\" >&2\n    exit 1\nfi\n";
			showEnvVarsInLog = 0;
		};
		A8127276D157551252F9AA03 /* [CP] Embed Pods Frameworks */ = {
			isa = PBXShellScriptBuildPhase;
			buildActionMask = 2147483647;
			files = (
			);
			inputPaths = (
			);
			name = "[CP] Embed Pods Frameworks";
			outputPaths = (
			);
			runOnlyForDeploymentPostprocessing = 0;
			shellPath = /bin/sh;
			shellScript = "\"${SRCROOT}/Pods/Target Support Files/Pods-LittleTmall/Pods-LittleTmall-frameworks.sh\"\n";
			showEnvVarsInLog = 0;
		};
		AC2D73943E25B35296079447 /* [CP] Copy Pods Resources */ = {
			isa = PBXShellScriptBuildPhase;
			buildActionMask = 2147483647;
			files = (
			);
			inputPaths = (
			);
			name = "[CP] Copy Pods Resources";
			outputPaths = (
			);
			runOnlyForDeploymentPostprocessing = 0;
			shellPath = /bin/sh;
			shellScript = "\"${SRCROOT}/Pods/Target Support Files/Pods-LittleTmall/Pods-LittleTmall-resources.sh\"\n";
			showEnvVarsInLog = 0;
		};
/* End PBXShellScriptBuildPhase section */

/* Begin PBXSourcesBuildPhase section */
		664B42AB219E6E3B009F1E08 /* Sources */ = {
			isa = PBXSourcesBuildPhase;
			buildActionMask = 2147483647;
			files = (
				66E1924321A7C84300605E0A /* DBLoginViewController.m in Sources */,
				66E1925721A7E2D900605E0A /* BaseUserTool.m in Sources */,
				66E1918121A4F2AF00605E0A /* DBAddressListController.m in Sources */,
				664B42C2219E6E3C009F1E08 /* main.m in Sources */,
				664B42B4219E6E3B009F1E08 /* AppDelegate.m in Sources */,
				664B42EB219E8BF5009F1E08 /* DBBaseNavigationController.m in Sources */,
				664B42F7219E90CA009F1E08 /* DBMainViewController.m in Sources */,
				87BB8CCC21AA264C00B767FC /* MBProgressHUD+MJ.m in Sources */,
				87D74FFF21A03E7000D797FE /* DBMineBottomView.m in Sources */,
				66E1925B21A9569C00605E0A /* DBCartModel.m in Sources */,
				87D74FF0219F194200D797FE /* UIView+category.m in Sources */,
				8730BED921A05A9500199CC8 /* DBMineBottomCell.m in Sources */,
				66E1918521A5046400605E0A /* DBAddressCell.m in Sources */,
				66E1921D21A6B21A00605E0A /* DBOpinionFeedbackController.m in Sources */,
				66E1920D21A6857100605E0A /* ZHFAddTitleAddressView.m in Sources */,
				66E1925321A7E1C300605E0A /* DBLoginModel.m in Sources */,
				66E1920B21A6857100605E0A /* ProvinceModel.m in Sources */,
				8730BEDC21A0696100199CC8 /* UITableView+EmptyDataView.m in Sources */,
				66842C0721A29CAC00590CCB /* DBCarBottomBar.m in Sources */,
				66E1921021A6879800605E0A /* DBAddressModel.m in Sources */,
				66842C0A21A2C68F00590CCB /* DBCarBuyCell.m in Sources */,
				66E1924F21A7E19800605E0A /* BaseModel.m in Sources */,
				87D74FF5219F19C200D797FE /* DBBuyCarViewController.m in Sources */,
				66E1918E21A5241F00605E0A /* DBAddressBuildController.m in Sources */,
				66E1922121A7A97E00605E0A /* BaseNetTool.m in Sources */,
				87D74FFB219FF38A00D797FE /* DBMineTopView.m in Sources */,
				66E1921421A69A6400605E0A /* UIViewController+HUD.m in Sources */,
				66E1921721A69B7C00605E0A /* NSString+RegexCategory.m in Sources */,
				664B42FD219E918C009F1E08 /* DBBaseViewController.m in Sources */,
				664B42E7219E8AA3009F1E08 /* DBBaseTabBarController.m in Sources */,
				87D74FF8219F19CF00D797FE /* DBMineViewController.m in Sources */,
				664B4305219EB5FD009F1E08 /* BaseNetService.m in Sources */,
				664B42FA219E90DC009F1E08 /* DBCategoryViewController.m in Sources */,
			);
			runOnlyForDeploymentPostprocessing = 0;
		};
		664B42C3219E6E3C009F1E08 /* Sources */ = {
			isa = PBXSourcesBuildPhase;
			buildActionMask = 2147483647;
			files = (
				664B42CC219E6E3C009F1E08 /* LittleTmallTests.m in Sources */,
			);
			runOnlyForDeploymentPostprocessing = 0;
		};
		664B42CE219E6E3C009F1E08 /* Sources */ = {
			isa = PBXSourcesBuildPhase;
			buildActionMask = 2147483647;
			files = (
				664B42D7219E6E3C009F1E08 /* LittleTmallUITests.m in Sources */,
			);
			runOnlyForDeploymentPostprocessing = 0;
		};
/* End PBXSourcesBuildPhase section */

/* Begin PBXTargetDependency section */
		664B42C9219E6E3C009F1E08 /* PBXTargetDependency */ = {
			isa = PBXTargetDependency;
			target = 664B42AE219E6E3B009F1E08 /* LittleTmall */;
			targetProxy = 664B42C8219E6E3C009F1E08 /* PBXContainerItemProxy */;
		};
		664B42D4219E6E3C009F1E08 /* PBXTargetDependency */ = {
			isa = PBXTargetDependency;
			target = 664B42AE219E6E3B009F1E08 /* LittleTmall */;
			targetProxy = 664B42D3219E6E3C009F1E08 /* PBXContainerItemProxy */;
		};
/* End PBXTargetDependency section */

/* Begin PBXVariantGroup section */
		664B42B8219E6E3B009F1E08 /* Main.storyboard */ = {
			isa = PBXVariantGroup;
			children = (
				664B42B9219E6E3B009F1E08 /* Base */,
			);
			name = Main.storyboard;
			sourceTree = "<group>";
		};
		664B42BD219E6E3C009F1E08 /* LaunchScreen.storyboard */ = {
			isa = PBXVariantGroup;
			children = (
				664B42BE219E6E3C009F1E08 /* Base */,
			);
			name = LaunchScreen.storyboard;
			sourceTree = "<group>";
		};
/* End PBXVariantGroup section */

/* Begin XCBuildConfiguration section */
		664B42D9219E6E3C009F1E08 /* Debug */ = {
			isa = XCBuildConfiguration;
			buildSettings = {
				ALWAYS_SEARCH_USER_PATHS = NO;
				CLANG_ANALYZER_NONNULL = YES;
				CLANG_ANALYZER_NUMBER_OBJECT_CONVERSION = YES_AGGRESSIVE;
				CLANG_CXX_LANGUAGE_STANDARD = "gnu++14";
				CLANG_CXX_LIBRARY = "libc++";
				CLANG_ENABLE_MODULES = YES;
				CLANG_ENABLE_OBJC_ARC = YES;
				CLANG_ENABLE_OBJC_WEAK = YES;
				CLANG_WARN_BLOCK_CAPTURE_AUTORELEASING = YES;
				CLANG_WARN_BOOL_CONVERSION = YES;
				CLANG_WARN_COMMA = YES;
				CLANG_WARN_CONSTANT_CONVERSION = YES;
				CLANG_WARN_DEPRECATED_OBJC_IMPLEMENTATIONS = YES;
				CLANG_WARN_DIRECT_OBJC_ISA_USAGE = YES_ERROR;
				CLANG_WARN_DOCUMENTATION_COMMENTS = YES;
				CLANG_WARN_EMPTY_BODY = YES;
				CLANG_WARN_ENUM_CONVERSION = YES;
				CLANG_WARN_INFINITE_RECURSION = YES;
				CLANG_WARN_INT_CONVERSION = YES;
				CLANG_WARN_NON_LITERAL_NULL_CONVERSION = YES;
				CLANG_WARN_OBJC_IMPLICIT_RETAIN_SELF = YES;
				CLANG_WARN_OBJC_LITERAL_CONVERSION = YES;
				CLANG_WARN_OBJC_ROOT_CLASS = YES_ERROR;
				CLANG_WARN_RANGE_LOOP_ANALYSIS = YES;
				CLANG_WARN_STRICT_PROTOTYPES = YES;
				CLANG_WARN_SUSPICIOUS_MOVE = YES;
				CLANG_WARN_UNGUARDED_AVAILABILITY = YES_AGGRESSIVE;
				CLANG_WARN_UNREACHABLE_CODE = YES;
				CLANG_WARN__DUPLICATE_METHOD_MATCH = YES;
				CODE_SIGN_IDENTITY = "iPhone Developer";
				COPY_PHASE_STRIP = NO;
				DEBUG_INFORMATION_FORMAT = dwarf;
				ENABLE_STRICT_OBJC_MSGSEND = YES;
				ENABLE_TESTABILITY = YES;
				GCC_C_LANGUAGE_STANDARD = gnu11;
				GCC_DYNAMIC_NO_PIC = NO;
				GCC_NO_COMMON_BLOCKS = YES;
				GCC_OPTIMIZATION_LEVEL = 0;
				GCC_PREPROCESSOR_DEFINITIONS = (
					"DEBUG=1",
					"$(inherited)",
				);
				GCC_WARN_64_TO_32_BIT_CONVERSION = YES;
				GCC_WARN_ABOUT_RETURN_TYPE = YES_ERROR;
				GCC_WARN_UNDECLARED_SELECTOR = YES;
				GCC_WARN_UNINITIALIZED_AUTOS = YES_AGGRESSIVE;
				GCC_WARN_UNUSED_FUNCTION = YES;
				GCC_WARN_UNUSED_VARIABLE = YES;
				IPHONEOS_DEPLOYMENT_TARGET = 11.3;
				MTL_ENABLE_DEBUG_INFO = YES;
				ONLY_ACTIVE_ARCH = YES;
				SDKROOT = iphoneos;
			};
			name = Debug;
		};
		664B42DA219E6E3C009F1E08 /* Release */ = {
			isa = XCBuildConfiguration;
			buildSettings = {
				ALWAYS_SEARCH_USER_PATHS = NO;
				CLANG_ANALYZER_NONNULL = YES;
				CLANG_ANALYZER_NUMBER_OBJECT_CONVERSION = YES_AGGRESSIVE;
				CLANG_CXX_LANGUAGE_STANDARD = "gnu++14";
				CLANG_CXX_LIBRARY = "libc++";
				CLANG_ENABLE_MODULES = YES;
				CLANG_ENABLE_OBJC_ARC = YES;
				CLANG_ENABLE_OBJC_WEAK = YES;
				CLANG_WARN_BLOCK_CAPTURE_AUTORELEASING = YES;
				CLANG_WARN_BOOL_CONVERSION = YES;
				CLANG_WARN_COMMA = YES;
				CLANG_WARN_CONSTANT_CONVERSION = YES;
				CLANG_WARN_DEPRECATED_OBJC_IMPLEMENTATIONS = YES;
				CLANG_WARN_DIRECT_OBJC_ISA_USAGE = YES_ERROR;
				CLANG_WARN_DOCUMENTATION_COMMENTS = YES;
				CLANG_WARN_EMPTY_BODY = YES;
				CLANG_WARN_ENUM_CONVERSION = YES;
				CLANG_WARN_INFINITE_RECURSION = YES;
				CLANG_WARN_INT_CONVERSION = YES;
				CLANG_WARN_NON_LITERAL_NULL_CONVERSION = YES;
				CLANG_WARN_OBJC_IMPLICIT_RETAIN_SELF = YES;
				CLANG_WARN_OBJC_LITERAL_CONVERSION = YES;
				CLANG_WARN_OBJC_ROOT_CLASS = YES_ERROR;
				CLANG_WARN_RANGE_LOOP_ANALYSIS = YES;
				CLANG_WARN_STRICT_PROTOTYPES = YES;
				CLANG_WARN_SUSPICIOUS_MOVE = YES;
				CLANG_WARN_UNGUARDED_AVAILABILITY = YES_AGGRESSIVE;
				CLANG_WARN_UNREACHABLE_CODE = YES;
				CLANG_WARN__DUPLICATE_METHOD_MATCH = YES;
				CODE_SIGN_IDENTITY = "iPhone Developer";
				COPY_PHASE_STRIP = NO;
				DEBUG_INFORMATION_FORMAT = "dwarf-with-dsym";
				ENABLE_NS_ASSERTIONS = NO;
				ENABLE_STRICT_OBJC_MSGSEND = YES;
				GCC_C_LANGUAGE_STANDARD = gnu11;
				GCC_NO_COMMON_BLOCKS = YES;
				GCC_WARN_64_TO_32_BIT_CONVERSION = YES;
				GCC_WARN_ABOUT_RETURN_TYPE = YES_ERROR;
				GCC_WARN_UNDECLARED_SELECTOR = YES;
				GCC_WARN_UNINITIALIZED_AUTOS = YES_AGGRESSIVE;
				GCC_WARN_UNUSED_FUNCTION = YES;
				GCC_WARN_UNUSED_VARIABLE = YES;
				IPHONEOS_DEPLOYMENT_TARGET = 11.3;
				MTL_ENABLE_DEBUG_INFO = NO;
				SDKROOT = iphoneos;
				VALIDATE_PRODUCT = YES;
			};
			name = Release;
		};
		664B42DC219E6E3C009F1E08 /* Debug */ = {
			isa = XCBuildConfiguration;
			baseConfigurationReference = F2F506574A56FB9BA1403BE6 /* Pods-LittleTmall.debug.xcconfig */;
			buildSettings = {
				ASSETCATALOG_COMPILER_APPICON_NAME = AppIcon;
				CODE_SIGN_IDENTITY = "iPhone Developer";
				CODE_SIGN_STYLE = Automatic;
				DEVELOPMENT_TEAM = HZUGWSR2YW;
				GCC_PREFIX_HEADER = "$(SRCROOT)/LittleTmall/OtherFiles/PrefixHeader.pch";
				INFOPLIST_FILE = LittleTmall/Info.plist;
				IPHONEOS_DEPLOYMENT_TARGET = 9.0;
				LD_RUNPATH_SEARCH_PATHS = "$(inherited) @executable_path/Frameworks";
				PRODUCT_BUNDLE_IDENTIFIER = suqinglin.com;
				PRODUCT_NAME = "$(TARGET_NAME)";
				PROVISIONING_PROFILE = "";
				PROVISIONING_PROFILE_SPECIFIER = "";
				TARGETED_DEVICE_FAMILY = "1,2";
			};
			name = Debug;
		};
		664B42DD219E6E3C009F1E08 /* Release */ = {
			isa = XCBuildConfiguration;
			baseConfigurationReference = CF706C28EF97FF6CEFB79929 /* Pods-LittleTmall.release.xcconfig */;
			buildSettings = {
				ASSETCATALOG_COMPILER_APPICON_NAME = AppIcon;
				CODE_SIGN_IDENTITY = "iPhone Developer";
				CODE_SIGN_STYLE = Automatic;
				DEVELOPMENT_TEAM = HZUGWSR2YW;
				GCC_PREFIX_HEADER = "$(SRCROOT)/LittleTmall/OtherFiles/PrefixHeader.pch";
				INFOPLIST_FILE = LittleTmall/Info.plist;
				IPHONEOS_DEPLOYMENT_TARGET = 9.0;
				LD_RUNPATH_SEARCH_PATHS = "$(inherited) @executable_path/Frameworks";
				PRODUCT_BUNDLE_IDENTIFIER = suqinglin.com;
				PRODUCT_NAME = "$(TARGET_NAME)";
				PROVISIONING_PROFILE = "";
				PROVISIONING_PROFILE_SPECIFIER = "";
				TARGETED_DEVICE_FAMILY = "1,2";
			};
			name = Release;
		};
		664B42DF219E6E3C009F1E08 /* Debug */ = {
			isa = XCBuildConfiguration;
			buildSettings = {
				BUNDLE_LOADER = "$(TEST_HOST)";
				CODE_SIGN_STYLE = Automatic;
				INFOPLIST_FILE = LittleTmallTests/Info.plist;
				LD_RUNPATH_SEARCH_PATHS = "$(inherited) @executable_path/Frameworks @loader_path/Frameworks";
				PRODUCT_BUNDLE_IDENTIFIER = com.qzxq.LittleTmallTests;
				PRODUCT_NAME = "$(TARGET_NAME)";
				TARGETED_DEVICE_FAMILY = "1,2";
				TEST_HOST = "$(BUILT_PRODUCTS_DIR)/LittleTmall.app/LittleTmall";
			};
			name = Debug;
		};
		664B42E0219E6E3C009F1E08 /* Release */ = {
			isa = XCBuildConfiguration;
			buildSettings = {
				BUNDLE_LOADER = "$(TEST_HOST)";
				CODE_SIGN_STYLE = Automatic;
				INFOPLIST_FILE = LittleTmallTests/Info.plist;
				LD_RUNPATH_SEARCH_PATHS = "$(inherited) @executable_path/Frameworks @loader_path/Frameworks";
				PRODUCT_BUNDLE_IDENTIFIER = com.qzxq.LittleTmallTests;
				PRODUCT_NAME = "$(TARGET_NAME)";
				TARGETED_DEVICE_FAMILY = "1,2";
				TEST_HOST = "$(BUILT_PRODUCTS_DIR)/LittleTmall.app/LittleTmall";
			};
			name = Release;
		};
		664B42E2219E6E3C009F1E08 /* Debug */ = {
			isa = XCBuildConfiguration;
			buildSettings = {
				CODE_SIGN_STYLE = Automatic;
				INFOPLIST_FILE = LittleTmallUITests/Info.plist;
				LD_RUNPATH_SEARCH_PATHS = "$(inherited) @executable_path/Frameworks @loader_path/Frameworks";
				PRODUCT_BUNDLE_IDENTIFIER = com.qzxq.LittleTmallUITests;
				PRODUCT_NAME = "$(TARGET_NAME)";
				TARGETED_DEVICE_FAMILY = "1,2";
				TEST_TARGET_NAME = LittleTmall;
			};
			name = Debug;
		};
		664B42E3219E6E3C009F1E08 /* Release */ = {
			isa = XCBuildConfiguration;
			buildSettings = {
				CODE_SIGN_STYLE = Automatic;
				INFOPLIST_FILE = LittleTmallUITests/Info.plist;
				LD_RUNPATH_SEARCH_PATHS = "$(inherited) @executable_path/Frameworks @loader_path/Frameworks";
				PRODUCT_BUNDLE_IDENTIFIER = com.qzxq.LittleTmallUITests;
				PRODUCT_NAME = "$(TARGET_NAME)";
				TARGETED_DEVICE_FAMILY = "1,2";
				TEST_TARGET_NAME = LittleTmall;
			};
			name = Release;
		};
/* End XCBuildConfiguration section */

/* Begin XCConfigurationList section */
		664B42AA219E6E3B009F1E08 /* Build configuration list for PBXProject "LittleTmall" */ = {
			isa = XCConfigurationList;
			buildConfigurations = (
				664B42D9219E6E3C009F1E08 /* Debug */,
				664B42DA219E6E3C009F1E08 /* Release */,
			);
			defaultConfigurationIsVisible = 0;
			defaultConfigurationName = Release;
		};
		664B42DB219E6E3C009F1E08 /* Build configuration list for PBXNativeTarget "LittleTmall" */ = {
			isa = XCConfigurationList;
			buildConfigurations = (
				664B42DC219E6E3C009F1E08 /* Debug */,
				664B42DD219E6E3C009F1E08 /* Release */,
			);
			defaultConfigurationIsVisible = 0;
			defaultConfigurationName = Release;
		};
		664B42DE219E6E3C009F1E08 /* Build configuration list for PBXNativeTarget "LittleTmallTests" */ = {
			isa = XCConfigurationList;
			buildConfigurations = (
				664B42DF219E6E3C009F1E08 /* Debug */,
				664B42E0219E6E3C009F1E08 /* Release */,
			);
			defaultConfigurationIsVisible = 0;
			defaultConfigurationName = Release;
		};
		664B42E1219E6E3C009F1E08 /* Build configuration list for PBXNativeTarget "LittleTmallUITests" */ = {
			isa = XCConfigurationList;
			buildConfigurations = (
				664B42E2219E6E3C009F1E08 /* Debug */,
				664B42E3219E6E3C009F1E08 /* Release */,
			);
			defaultConfigurationIsVisible = 0;
			defaultConfigurationName = Release;
		};
/* End XCConfigurationList section */
	};
	rootObject = 664B42A7219E6E3B009F1E08 /* Project object */;
}
